PODS:
  - Alamofire (4.1.0)
  - Crashlytics (3.8.3):
    - Fabric (~> 1.6.3)
  - Fabric (1.6.11)
  - FloatRatingView (2.0)
  - GoogleMaps (2.1.1):
    - GoogleMaps/Maps (= 2.1.1)
  - GoogleMaps/Base (2.1.1)
  - GoogleMaps/Maps (2.1.1):
    - GoogleMaps/Base
  - GooglePlaces (2.1.1):
    - GoogleMaps/Base (= 2.1.1)
  - IQKeyboardManagerSwift (4.0.7)
  - Kingfisher (3.2.1)
  - ObjectMapper (2.2.1)
  - ObjectMapper+Realm (0.2):
    - ObjectMapper
    - RealmSwift
  - Realm (2.0.4):
    - Realm/Headers (= 2.0.4)
  - Realm/Headers (2.0.4)
  - RealmSwift (2.0.4):
    - Realm (= 2.0.4)
  - RxCocoa (3.0.1):
    - RxSwift (~> 3.0)
  - RxDataSources (1.0.0):
    - RxCocoa (~> 3.0)
    - RxSwift (~> 3.0)
  - RxRealm (0.3.1):
    - RealmSwift (~> 2.0)
    - RxSwift (~> 3.0.0)
  - RxSwift (3.0.1)
  - SwiftyJSON (3.1.3)
  - TextFieldEffects (1.3.0)

DEPENDENCIES:
  - Alamofire (~> 4.0)
  - Crashlytics
  - Fabric
  - FloatRatingView (~> 2.0.0)
  - GoogleMaps
  - GooglePlaces
  - IQKeyboardManagerSwift
  - Kingfisher (~> 3.0)
  - ObjectMapper (~> 2.2)
  - ObjectMapper+Realm (~> 0.2)
  - RealmSwift (~> 2.0.3)
  - RxCocoa (~> 3.0.0-beta.1)
  - RxDataSources (~> 1.0.0-beta.3)
  - RxRealm (~> 0.3.1)
  - RxSwift (~> 3.0.0-beta.1)
  - SwiftyJSON
  - TextFieldEffects

SPEC CHECKSUMS:
  Alamofire: e266cf991b933498df791e645e0d8ac294492153
  Crashlytics: 2b6dbe138a42395577cfa73dfa1aa7248cadf39e
  Fabric: 5911403591946b8228ab1c51d98f1d7137e863c6
  FloatRatingView: 857ab8f10040d06a42fc979f486c8f9fecd2f2e5
  GoogleMaps: a5b5bbe47734e2443bde781a6aa64e69fdb6d785
  GooglePlaces: 35636d86e5020cba3856eb988c09a5491de0a65a
  IQKeyboardManagerSwift: 58bbcf46b5cf9fd4ed625d28a60cb2fbae4ab0f4
  Kingfisher: 64ef28c6d3d6f344e3ae2d7f5c9da80439505d99
  ObjectMapper: 41e43e1a89f8060ef5ea5d04ba852e269a621d68
  ObjectMapper+Realm: 8b45dbfa1be145e311a6f93a306c183d630b40a9
  Realm: 9da97f48365f8b99dd95c28d45ad8222d62e1775
  RealmSwift: 01e8db006035f16003e6307ae8eae1adccce68db
  RxCocoa: 15a52fc590dcc700cb4a690a633b5c5184ce3a78
  RxDataSources: 824693e84d00781d0a5e5cedc1ff95ce9250aacd
  RxRealm: '0965e07d49b8575d16c3a0487c667dfe64ce6a9c'
  RxSwift: af5680055c4ad04480189c52d28385b1029493a6
  SwiftyJSON: 38a8ea2006779c0fc4c310cb2ee8195327740faf
  TextFieldEffects: ef594746f17997c813e07633f8ae5acaf9b04f27

PODFILE CHECKSUM: 8f74c0f5e92aca1ae62545e407d2cf35460d2d30

COCOAPODS: 1.1.1
