// !$*UTF8*$!
{
	archiveVersion = 1;
	classes = {
	};
	objectVersion = 46;
	objects = {

/* Begin PBXBuildFile section */
		88073ED91DABE1E0000696A3 /* AppDelegate.swift in Sources */ = {isa = PBXBuildFile; fileRef = 88073ED81DABE1E0000696A3 /* AppDelegate.swift */; };
		88073EE01DABE1E0000696A3 /* Assets.xcassets in Resources */ = {isa = PBXBuildFile; fileRef = 88073EDF1DABE1E0000696A3 /* Assets.xcassets */; };
		88073EE31DABE1E0000696A3 /* LaunchScreen.storyboard in Resources */ = {isa = PBXBuildFile; fileRef = 88073EE11DABE1E0000696A3 /* LaunchScreen.storyboard */; };
		88073EEF1DAC1A23000696A3 /* OnBoardingViewController.swift in Sources */ = {isa = PBXBuildFile; fileRef = 88073EED1DAC1A23000696A3 /* OnBoardingViewController.swift */; };
		88073EFC1DAC4661000696A3 /* CitySelectTableViewController.swift in Sources */ = {isa = PBXBuildFile; fileRef = 88073EFB1DAC4661000696A3 /* CitySelectTableViewController.swift */; };
		88073EFE1DAC4950000696A3 /* CitySelectViewModel.swift in Sources */ = {isa = PBXBuildFile; fileRef = 88073EFD1DAC4950000696A3 /* CitySelectViewModel.swift */; };
		88073F011DAD6E6F000696A3 /* .swiftlint.yml in Resources */ = {isa = PBXBuildFile; fileRef = 88073F001DAD6E6F000696A3 /* .swiftlint.yml */; };
		88073F031DAD6FCF000696A3 /* DescriptionListItemView.swift in Sources */ = {isa = PBXBuildFile; fileRef = 88073F021DAD6FCF000696A3 /* DescriptionListItemView.swift */; };
		8814C0331DAD8123005B4967 /* Colors.swift in Sources */ = {isa = PBXBuildFile; fileRef = 8814C0321DAD8123005B4967 /* Colors.swift */; };
		8814C0391DAE8F7F005B4967 /* LocationManager.swift in Sources */ = {isa = PBXBuildFile; fileRef = 8814C0381DAE8F7F005B4967 /* LocationManager.swift */; };
		8814C03C1DAEBCF1005B4967 /* CLLocationManager+Rx.swift .swift in Sources */ = {isa = PBXBuildFile; fileRef = 8814C03B1DAEBCF1005B4967 /* CLLocationManager+Rx.swift .swift */; };
		8814C03E1DAEBD2A005B4967 /* RxCLLocationManagerDelegateProxy.swift in Sources */ = {isa = PBXBuildFile; fileRef = 8814C03D1DAEBD2A005B4967 /* RxCLLocationManagerDelegateProxy.swift */; };
		8814C0401DAED9AC005B4967 /* CityNotFoundViewController.swift in Sources */ = {isa = PBXBuildFile; fileRef = 8814C03F1DAED9AC005B4967 /* CityNotFoundViewController.swift */; };
		8814C0481DAF0EB4005B4967 /* EmptyOrderView.swift in Sources */ = {isa = PBXBuildFile; fileRef = 8814C0471DAF0EB4005B4967 /* EmptyOrderView.swift */; };
		8814C04A1DAF12FE005B4967 /* OrderViewController.swift in Sources */ = {isa = PBXBuildFile; fileRef = 8814C0491DAF12FE005B4967 /* OrderViewController.swift */; };
		8814C04D1DAF159E005B4967 /* OrderViewModel.swift in Sources */ = {isa = PBXBuildFile; fileRef = 8814C04C1DAF159E005B4967 /* OrderViewModel.swift */; };
		8814C04F1DAF15DA005B4967 /* RootViewController.swift in Sources */ = {isa = PBXBuildFile; fileRef = 8814C04E1DAF15DA005B4967 /* RootViewController.swift */; };
		8814C0561DAFA7B5005B4967 /* BottomBorderedTextField.swift in Sources */ = {isa = PBXBuildFile; fileRef = 8814C0551DAFA7B5005B4967 /* BottomBorderedTextField.swift */; };
		8814C0581DAFB0F2005B4967 /* CityNotFoundViewModel.swift in Sources */ = {isa = PBXBuildFile; fileRef = 8814C0571DAFB0F1005B4967 /* CityNotFoundViewModel.swift */; };
		8814C05A1DAFC96D005B4967 /* CategoriesViewController.swift in Sources */ = {isa = PBXBuildFile; fileRef = 8814C0591DAFC96D005B4967 /* CategoriesViewController.swift */; };
		8814C05E1DAFCF28005B4967 /* CategoryTableViewCell.swift in Sources */ = {isa = PBXBuildFile; fileRef = 8814C05C1DAFCF28005B4967 /* CategoryTableViewCell.swift */; };
		8814C05F1DAFCF28005B4967 /* CategoryTableViewCell.xib in Resources */ = {isa = PBXBuildFile; fileRef = 8814C05D1DAFCF28005B4967 /* CategoryTableViewCell.xib */; };
		8814C0611DAFEE7C005B4967 /* CategoriesViewModel.swift in Sources */ = {isa = PBXBuildFile; fileRef = 8814C0601DAFEE7C005B4967 /* CategoriesViewModel.swift */; };
		8814C0631DB03AD7005B4967 /* CategoryTableViewCellModel.swift in Sources */ = {isa = PBXBuildFile; fileRef = 8814C0621DB03AD7005B4967 /* CategoryTableViewCellModel.swift */; };
		8814C0651DB03CBC005B4967 /* Fonts.swift in Sources */ = {isa = PBXBuildFile; fileRef = 8814C0641DB03CBC005B4967 /* Fonts.swift */; };
		8814C0671DB04AFB005B4967 /* RussianEnumEndings.swift in Sources */ = {isa = PBXBuildFile; fileRef = 8814C0661DB04AFA005B4967 /* RussianEnumEndings.swift */; };
		8814C0691DB05792005B4967 /* KeyboardLayoutGuide.swift in Sources */ = {isa = PBXBuildFile; fileRef = 8814C0681DB05792005B4967 /* KeyboardLayoutGuide.swift */; };
		8814C06B1DB059F4005B4967 /* KeyboardHideOutside.swift in Sources */ = {isa = PBXBuildFile; fileRef = 8814C06A1DB059F4005B4967 /* KeyboardHideOutside.swift */; };
		88B0B54E1DB1026400C7D0F7 /* SetSearchBarTextColor.swift in Sources */ = {isa = PBXBuildFile; fileRef = 88B0B54D1DB1026400C7D0F7 /* SetSearchBarTextColor.swift */; };
		CC63F0EA174EB55F7C1DD247 /* Pods_Chisto.framework in Frameworks */ = {isa = PBXBuildFile; fileRef = 88D4403E4AD2DF4A42F5C8FA /* Pods_Chisto.framework */; };
/* End PBXBuildFile section */

/* Begin PBXFileReference section */
		40CC6F844478737C97DE22A8 /* Pods-Chisto.debug.xcconfig */ = {isa = PBXFileReference; includeInIndex = 1; lastKnownFileType = text.xcconfig; name = "Pods-Chisto.debug.xcconfig"; path = "Pods/Target Support Files/Pods-Chisto/Pods-Chisto.debug.xcconfig"; sourceTree = "<group>"; };
		88073ED51DABE1E0000696A3 /* Chisto.app */ = {isa = PBXFileReference; explicitFileType = wrapper.application; includeInIndex = 0; path = Chisto.app; sourceTree = BUILT_PRODUCTS_DIR; };
		88073ED81DABE1E0000696A3 /* AppDelegate.swift */ = {isa = PBXFileReference; lastKnownFileType = sourcecode.swift; path = AppDelegate.swift; sourceTree = "<group>"; };
		88073EDF1DABE1E0000696A3 /* Assets.xcassets */ = {isa = PBXFileReference; lastKnownFileType = folder.assetcatalog; path = Assets.xcassets; sourceTree = "<group>"; };
		88073EE21DABE1E0000696A3 /* Base */ = {isa = PBXFileReference; lastKnownFileType = file.storyboard; name = Base; path = Base.lproj/LaunchScreen.storyboard; sourceTree = "<group>"; };
		88073EE41DABE1E0000696A3 /* Info.plist */ = {isa = PBXFileReference; lastKnownFileType = text.plist.xml; path = Info.plist; sourceTree = "<group>"; };
		88073EED1DAC1A23000696A3 /* OnBoardingViewController.swift */ = {isa = PBXFileReference; fileEncoding = 4; lastKnownFileType = sourcecode.swift; path = OnBoardingViewController.swift; sourceTree = "<group>"; };
		88073EFB1DAC4661000696A3 /* CitySelectTableViewController.swift */ = {isa = PBXFileReference; fileEncoding = 4; lastKnownFileType = sourcecode.swift; path = CitySelectTableViewController.swift; sourceTree = "<group>"; };
		88073EFD1DAC4950000696A3 /* CitySelectViewModel.swift */ = {isa = PBXFileReference; fileEncoding = 4; lastKnownFileType = sourcecode.swift; path = CitySelectViewModel.swift; sourceTree = "<group>"; };
		88073F001DAD6E6F000696A3 /* .swiftlint.yml */ = {isa = PBXFileReference; fileEncoding = 4; lastKnownFileType = text; path = .swiftlint.yml; sourceTree = "<group>"; };
		88073F021DAD6FCF000696A3 /* DescriptionListItemView.swift */ = {isa = PBXFileReference; fileEncoding = 4; lastKnownFileType = sourcecode.swift; path = DescriptionListItemView.swift; sourceTree = "<group>"; };
		8814C0321DAD8123005B4967 /* Colors.swift */ = {isa = PBXFileReference; fileEncoding = 4; lastKnownFileType = sourcecode.swift; path = Colors.swift; sourceTree = "<group>"; };
		8814C0381DAE8F7F005B4967 /* LocationManager.swift */ = {isa = PBXFileReference; fileEncoding = 4; lastKnownFileType = sourcecode.swift; path = LocationManager.swift; sourceTree = "<group>"; };
		8814C03B1DAEBCF1005B4967 /* CLLocationManager+Rx.swift .swift */ = {isa = PBXFileReference; fileEncoding = 4; lastKnownFileType = sourcecode.swift; path = "CLLocationManager+Rx.swift .swift"; sourceTree = "<group>"; };
		8814C03D1DAEBD2A005B4967 /* RxCLLocationManagerDelegateProxy.swift */ = {isa = PBXFileReference; fileEncoding = 4; lastKnownFileType = sourcecode.swift; path = RxCLLocationManagerDelegateProxy.swift; sourceTree = "<group>"; };
		8814C03F1DAED9AC005B4967 /* CityNotFoundViewController.swift */ = {isa = PBXFileReference; fileEncoding = 4; lastKnownFileType = sourcecode.swift; path = CityNotFoundViewController.swift; sourceTree = "<group>"; };
		8814C0471DAF0EB4005B4967 /* EmptyOrderView.swift */ = {isa = PBXFileReference; fileEncoding = 4; lastKnownFileType = sourcecode.swift; path = EmptyOrderView.swift; sourceTree = "<group>"; };
		8814C0491DAF12FE005B4967 /* OrderViewController.swift */ = {isa = PBXFileReference; fileEncoding = 4; lastKnownFileType = sourcecode.swift; path = OrderViewController.swift; sourceTree = "<group>"; };
		8814C04C1DAF159E005B4967 /* OrderViewModel.swift */ = {isa = PBXFileReference; fileEncoding = 4; lastKnownFileType = sourcecode.swift; path = OrderViewModel.swift; sourceTree = "<group>"; };
		8814C04E1DAF15DA005B4967 /* RootViewController.swift */ = {isa = PBXFileReference; fileEncoding = 4; lastKnownFileType = sourcecode.swift; path = RootViewController.swift; sourceTree = "<group>"; };
		8814C0551DAFA7B5005B4967 /* BottomBorderedTextField.swift */ = {isa = PBXFileReference; fileEncoding = 4; lastKnownFileType = sourcecode.swift; path = BottomBorderedTextField.swift; sourceTree = "<group>"; };
		8814C0571DAFB0F1005B4967 /* CityNotFoundViewModel.swift */ = {isa = PBXFileReference; fileEncoding = 4; lastKnownFileType = sourcecode.swift; path = CityNotFoundViewModel.swift; sourceTree = "<group>"; };
		8814C0591DAFC96D005B4967 /* CategoriesViewController.swift */ = {isa = PBXFileReference; fileEncoding = 4; lastKnownFileType = sourcecode.swift; path = CategoriesViewController.swift; sourceTree = "<group>"; };
		8814C05C1DAFCF28005B4967 /* CategoryTableViewCell.swift */ = {isa = PBXFileReference; fileEncoding = 4; lastKnownFileType = sourcecode.swift; path = CategoryTableViewCell.swift; sourceTree = "<group>"; };
		8814C05D1DAFCF28005B4967 /* CategoryTableViewCell.xib */ = {isa = PBXFileReference; fileEncoding = 4; lastKnownFileType = file.xib; path = CategoryTableViewCell.xib; sourceTree = "<group>"; };
		8814C0601DAFEE7C005B4967 /* CategoriesViewModel.swift */ = {isa = PBXFileReference; fileEncoding = 4; lastKnownFileType = sourcecode.swift; path = CategoriesViewModel.swift; sourceTree = "<group>"; };
		8814C0621DB03AD7005B4967 /* CategoryTableViewCellModel.swift */ = {isa = PBXFileReference; fileEncoding = 4; lastKnownFileType = sourcecode.swift; path = CategoryTableViewCellModel.swift; sourceTree = "<group>"; };
		8814C0641DB03CBC005B4967 /* Fonts.swift */ = {isa = PBXFileReference; fileEncoding = 4; lastKnownFileType = sourcecode.swift; path = Fonts.swift; sourceTree = "<group>"; };
		8814C0661DB04AFA005B4967 /* RussianEnumEndings.swift */ = {isa = PBXFileReference; fileEncoding = 4; lastKnownFileType = sourcecode.swift; path = RussianEnumEndings.swift; sourceTree = "<group>"; };
		8814C0681DB05792005B4967 /* KeyboardLayoutGuide.swift */ = {isa = PBXFileReference; fileEncoding = 4; lastKnownFileType = sourcecode.swift; path = KeyboardLayoutGuide.swift; sourceTree = "<group>"; };
		8814C06A1DB059F4005B4967 /* KeyboardHideOutside.swift */ = {isa = PBXFileReference; fileEncoding = 4; lastKnownFileType = sourcecode.swift; path = KeyboardHideOutside.swift; sourceTree = "<group>"; };
		88B0B54D1DB1026400C7D0F7 /* SetSearchBarTextColor.swift */ = {isa = PBXFileReference; fileEncoding = 4; lastKnownFileType = sourcecode.swift; path = SetSearchBarTextColor.swift; sourceTree = "<group>"; };
		88D4403E4AD2DF4A42F5C8FA /* Pods_Chisto.framework */ = {isa = PBXFileReference; explicitFileType = wrapper.framework; includeInIndex = 0; path = Pods_Chisto.framework; sourceTree = BUILT_PRODUCTS_DIR; };
		EA8A37CB3EB7F2EEDB9E26D5 /* Pods-Chisto.release.xcconfig */ = {isa = PBXFileReference; includeInIndex = 1; lastKnownFileType = text.xcconfig; name = "Pods-Chisto.release.xcconfig"; path = "Pods/Target Support Files/Pods-Chisto/Pods-Chisto.release.xcconfig"; sourceTree = "<group>"; };
/* End PBXFileReference section */

/* Begin PBXFrameworksBuildPhase section */
		88073ED21DABE1E0000696A3 /* Frameworks */ = {
			isa = PBXFrameworksBuildPhase;
			buildActionMask = 2147483647;
			files = (
				CC63F0EA174EB55F7C1DD247 /* Pods_Chisto.framework in Frameworks */,
			);
			runOnlyForDeploymentPostprocessing = 0;
		};
/* End PBXFrameworksBuildPhase section */

/* Begin PBXGroup section */
		50E1CA40DFC3C09A4A3A20A6 /* Pods */ = {
			isa = PBXGroup;
			children = (
				40CC6F844478737C97DE22A8 /* Pods-Chisto.debug.xcconfig */,
				EA8A37CB3EB7F2EEDB9E26D5 /* Pods-Chisto.release.xcconfig */,
			);
			name = Pods;
			sourceTree = "<group>";
		};
		88073ECC1DABE1E0000696A3 = {
			isa = PBXGroup;
			children = (
				88073ED71DABE1E0000696A3 /* Chisto */,
				E86E04D5222457AEB97ED2EC /* Frameworks */,
				50E1CA40DFC3C09A4A3A20A6 /* Pods */,
				88073ED61DABE1E0000696A3 /* Products */,
				88073F001DAD6E6F000696A3 /* .swiftlint.yml */,
			);
			sourceTree = "<group>";
		};
		88073ED61DABE1E0000696A3 /* Products */ = {
			isa = PBXGroup;
			children = (
				88073ED51DABE1E0000696A3 /* Chisto.app */,
			);
			name = Products;
			sourceTree = "<group>";
		};
		88073ED71DABE1E0000696A3 /* Chisto */ = {
			isa = PBXGroup;
			children = (
				88073EF11DAC1B3E000696A3 /* Data */,
				8814C03A1DAEBCD7005B4967 /* RxUtils */,
				8814C0311DAD8112005B4967 /* Style */,
				88073EEC1DAC19E1000696A3 /* UI */,
				8814C0371DAE8F4B005B4967 /* Util */,
				88073ED81DABE1E0000696A3 /* AppDelegate.swift */,
				88073EDF1DABE1E0000696A3 /* Assets.xcassets */,
				88073EE41DABE1E0000696A3 /* Info.plist */,
				88073EE11DABE1E0000696A3 /* LaunchScreen.storyboard */,
			);
			path = Chisto;
			sourceTree = "<group>";
		};
		88073EEC1DAC19E1000696A3 /* UI */ = {
			isa = PBXGroup;
			children = (
				8814C0501DAF2A58005B4967 /* Categories */,
				88073EF71DAC26EA000696A3 /* CitySelect */,
				8814C0541DAFA5A2005B4967 /* Common */,
				88073EF31DAC1CBE000696A3 /* Onboarding */,
				8814C0441DAF0E89005B4967 /* Order */,
				8814C04E1DAF15DA005B4967 /* RootViewController.swift */,
			);
			path = UI;
			sourceTree = "<group>";
		};
		88073EF11DAC1B3E000696A3 /* Data */ = {
			isa = PBXGroup;
			children = (
				88073EF21DAC1B4A000696A3 /* Models */,
			);
			path = Data;
			sourceTree = "<group>";
		};
		88073EF21DAC1B4A000696A3 /* Models */ = {
			isa = PBXGroup;
			children = (
			);
			path = Models;
			sourceTree = "<group>";
		};
		88073EF31DAC1CBE000696A3 /* Onboarding */ = {
			isa = PBXGroup;
			children = (
				88073EF61DAC26E2000696A3 /* Views */,
				88073EED1DAC1A23000696A3 /* OnBoardingViewController.swift */,
			);
			path = Onboarding;
			sourceTree = "<group>";
		};
		88073EF61DAC26E2000696A3 /* Views */ = {
			isa = PBXGroup;
			children = (
				88073F021DAD6FCF000696A3 /* DescriptionListItemView.swift */,
			);
			path = Views;
			sourceTree = "<group>";
		};
		88073EF71DAC26EA000696A3 /* CitySelect */ = {
			isa = PBXGroup;
			children = (
				8814C03F1DAED9AC005B4967 /* CityNotFoundViewController.swift */,
				8814C0571DAFB0F1005B4967 /* CityNotFoundViewModel.swift */,
				88073EFB1DAC4661000696A3 /* CitySelectTableViewController.swift */,
				88073EFD1DAC4950000696A3 /* CitySelectViewModel.swift */,
			);
			path = CitySelect;
			sourceTree = "<group>";
		};
		8814C0311DAD8112005B4967 /* Style */ = {
			isa = PBXGroup;
			children = (
				8814C0321DAD8123005B4967 /* Colors.swift */,
				8814C0641DB03CBC005B4967 /* Fonts.swift */,
			);
			path = Style;
			sourceTree = "<group>";
		};
		8814C0371DAE8F4B005B4967 /* Util */ = {
			isa = PBXGroup;
			children = (
				8814C0381DAE8F7F005B4967 /* LocationManager.swift */,
				8814C0661DB04AFA005B4967 /* RussianEnumEndings.swift */,
			);
			path = Util;
			sourceTree = "<group>";
		};
		8814C03A1DAEBCD7005B4967 /* RxUtils */ = {
			isa = PBXGroup;
			children = (
				8814C03B1DAEBCF1005B4967 /* CLLocationManager+Rx.swift .swift */,
				8814C03D1DAEBD2A005B4967 /* RxCLLocationManagerDelegateProxy.swift */,
			);
			path = RxUtils;
			sourceTree = "<group>";
		};
		8814C0441DAF0E89005B4967 /* Order */ = {
			isa = PBXGroup;
			children = (
				8814C0461DAF0E99005B4967 /* Views */,
				8814C0491DAF12FE005B4967 /* OrderViewController.swift */,
				8814C04C1DAF159E005B4967 /* OrderViewModel.swift */,
			);
			path = Order;
			sourceTree = "<group>";
		};
		8814C0461DAF0E99005B4967 /* Views */ = {
			isa = PBXGroup;
			children = (
				8814C0471DAF0EB4005B4967 /* EmptyOrderView.swift */,
			);
			path = Views;
			sourceTree = "<group>";
		};
		8814C0501DAF2A58005B4967 /* Categories */ = {
			isa = PBXGroup;
			children = (
				8814C05B1DAFCED7005B4967 /* Views */,
				8814C0591DAFC96D005B4967 /* CategoriesViewController.swift */,
				8814C0601DAFEE7C005B4967 /* CategoriesViewModel.swift */,
			);
			path = Categories;
			sourceTree = "<group>";
		};
		8814C0541DAFA5A2005B4967 /* Common */ = {
			isa = PBXGroup;
			children = (
				8814C0551DAFA7B5005B4967 /* BottomBorderedTextField.swift */,
				8814C06A1DB059F4005B4967 /* KeyboardHideOutside.swift */,
				8814C0681DB05792005B4967 /* KeyboardLayoutGuide.swift */,
				88B0B54D1DB1026400C7D0F7 /* SetSearchBarTextColor.swift */,
			);
			path = Common;
			sourceTree = "<group>";
		};
		8814C05B1DAFCED7005B4967 /* Views */ = {
			isa = PBXGroup;
			children = (
				8814C05C1DAFCF28005B4967 /* CategoryTableViewCell.swift */,
				8814C05D1DAFCF28005B4967 /* CategoryTableViewCell.xib */,
				8814C0621DB03AD7005B4967 /* CategoryTableViewCellModel.swift */,
			);
			path = Views;
			sourceTree = "<group>";
		};
		E86E04D5222457AEB97ED2EC /* Frameworks */ = {
			isa = PBXGroup;
			children = (
				88D4403E4AD2DF4A42F5C8FA /* Pods_Chisto.framework */,
			);
			name = Frameworks;
			sourceTree = "<group>";
		};
/* End PBXGroup section */

/* Begin PBXNativeTarget section */
		88073ED41DABE1E0000696A3 /* Chisto */ = {
			isa = PBXNativeTarget;
			buildConfigurationList = 88073EE71DABE1E0000696A3 /* Build configuration list for PBXNativeTarget "Chisto" */;
			buildPhases = (
				EEC439545D6E37308205820E /* [CP] Check Pods Manifest.lock */,
				88073ED11DABE1E0000696A3 /* Sources */,
				88073ED21DABE1E0000696A3 /* Frameworks */,
				88073ED31DABE1E0000696A3 /* Resources */,
				43A3FC4290CC8023EBE51D76 /* [CP] Embed Pods Frameworks */,
				50E15D77F4E0AE5A2171C7AB /* [CP] Copy Pods Resources */,
				88073EFF1DAD6DDE000696A3 /* ShellScript */,
			);
			buildRules = (
			);
			dependencies = (
			);
			name = Chisto;
			productName = Chisto;
			productReference = 88073ED51DABE1E0000696A3 /* Chisto.app */;
			productType = "com.apple.product-type.application";
		};
/* End PBXNativeTarget section */

/* Begin PBXProject section */
		88073ECD1DABE1E0000696A3 /* Project object */ = {
			isa = PBXProject;
			attributes = {
				LastSwiftUpdateCheck = 0800;
				LastUpgradeCheck = 0800;
				ORGANIZATIONNAME = "Binary Blitz";
				TargetAttributes = {
					88073ED41DABE1E0000696A3 = {
						CreatedOnToolsVersion = 8.0;
						DevelopmentTeam = 7HLY3EQ26F;
						ProvisioningStyle = Automatic;
					};
				};
			};
			buildConfigurationList = 88073ED01DABE1E0000696A3 /* Build configuration list for PBXProject "Chisto" */;
			compatibilityVersion = "Xcode 3.2";
			developmentRegion = English;
			hasScannedForEncodings = 0;
			knownRegions = (
				en,
				Base,
			);
			mainGroup = 88073ECC1DABE1E0000696A3;
			productRefGroup = 88073ED61DABE1E0000696A3 /* Products */;
			projectDirPath = "";
			projectRoot = "";
			targets = (
				88073ED41DABE1E0000696A3 /* Chisto */,
			);
		};
/* End PBXProject section */

/* Begin PBXResourcesBuildPhase section */
		88073ED31DABE1E0000696A3 /* Resources */ = {
			isa = PBXResourcesBuildPhase;
			buildActionMask = 2147483647;
			files = (
				88073F011DAD6E6F000696A3 /* .swiftlint.yml in Resources */,
				88073EE31DABE1E0000696A3 /* LaunchScreen.storyboard in Resources */,
				88073EE01DABE1E0000696A3 /* Assets.xcassets in Resources */,
				8814C05F1DAFCF28005B4967 /* CategoryTableViewCell.xib in Resources */,
			);
			runOnlyForDeploymentPostprocessing = 0;
		};
/* End PBXResourcesBuildPhase section */

/* Begin PBXShellScriptBuildPhase section */
		43A3FC4290CC8023EBE51D76 /* [CP] Embed Pods Frameworks */ = {
			isa = PBXShellScriptBuildPhase;
			buildActionMask = 2147483647;
			files = (
			);
			inputPaths = (
			);
			name = "[CP] Embed Pods Frameworks";
			outputPaths = (
			);
			runOnlyForDeploymentPostprocessing = 0;
			shellPath = /bin/sh;
			shellScript = "\"${SRCROOT}/Pods/Target Support Files/Pods-Chisto/Pods-Chisto-frameworks.sh\"\n";
			showEnvVarsInLog = 0;
		};
		50E15D77F4E0AE5A2171C7AB /* [CP] Copy Pods Resources */ = {
			isa = PBXShellScriptBuildPhase;
			buildActionMask = 2147483647;
			files = (
			);
			inputPaths = (
			);
			name = "[CP] Copy Pods Resources";
			outputPaths = (
			);
			runOnlyForDeploymentPostprocessing = 0;
			shellPath = /bin/sh;
			shellScript = "\"${SRCROOT}/Pods/Target Support Files/Pods-Chisto/Pods-Chisto-resources.sh\"\n";
			showEnvVarsInLog = 0;
		};
		88073EFF1DAD6DDE000696A3 /* ShellScript */ = {
			isa = PBXShellScriptBuildPhase;
			buildActionMask = 2147483647;
			files = (
			);
			inputPaths = (
			);
			outputPaths = (
			);
			runOnlyForDeploymentPostprocessing = 0;
			shellPath = /bin/sh;
			shellScript = "${PODS_ROOT}/Fabric/run df7a91b6001cb29eb05b042a993b9cd92a3c06a0 fd7d455ce07b80ec7071a042a60a2ba6fb2422bbc628f2951afa49651ee50971";
		};
		EEC439545D6E37308205820E /* [CP] Check Pods Manifest.lock */ = {
			isa = PBXShellScriptBuildPhase;
			buildActionMask = 2147483647;
			files = (
			);
			inputPaths = (
			);
			name = "[CP] Check Pods Manifest.lock";
			outputPaths = (
			);
			runOnlyForDeploymentPostprocessing = 0;
			shellPath = /bin/sh;
			shellScript = "diff \"${PODS_ROOT}/../Podfile.lock\" \"${PODS_ROOT}/Manifest.lock\" > /dev/null\nif [[ $? != 0 ]] ; then\n    cat << EOM\nerror: The sandbox is not in sync with the Podfile.lock. Run 'pod install' or update your CocoaPods installation.\nEOM\n    exit 1\nfi\n";
			showEnvVarsInLog = 0;
		};
/* End PBXShellScriptBuildPhase section */

/* Begin PBXSourcesBuildPhase section */
		88073ED11DABE1E0000696A3 /* Sources */ = {
			isa = PBXSourcesBuildPhase;
			buildActionMask = 2147483647;
			files = (
				88073EEF1DAC1A23000696A3 /* OnBoardingViewController.swift in Sources */,
				8814C0331DAD8123005B4967 /* Colors.swift in Sources */,
				8814C0611DAFEE7C005B4967 /* CategoriesViewModel.swift in Sources */,
				8814C05A1DAFC96D005B4967 /* CategoriesViewController.swift in Sources */,
				8814C04A1DAF12FE005B4967 /* OrderViewController.swift in Sources */,
				88073EFC1DAC4661000696A3 /* CitySelectTableViewController.swift in Sources */,
				8814C04F1DAF15DA005B4967 /* RootViewController.swift in Sources */,
				88B0B54E1DB1026400C7D0F7 /* SetSearchBarTextColor.swift in Sources */,
				8814C0651DB03CBC005B4967 /* Fonts.swift in Sources */,
				8814C0691DB05792005B4967 /* KeyboardLayoutGuide.swift in Sources */,
				8814C04D1DAF159E005B4967 /* OrderViewModel.swift in Sources */,
				8814C06B1DB059F4005B4967 /* KeyboardHideOutside.swift in Sources */,
				8814C0401DAED9AC005B4967 /* CityNotFoundViewController.swift in Sources */,
				8814C0481DAF0EB4005B4967 /* EmptyOrderView.swift in Sources */,
				8814C0631DB03AD7005B4967 /* CategoryTableViewCellModel.swift in Sources */,
				88073F031DAD6FCF000696A3 /* DescriptionListItemView.swift in Sources */,
				8814C0671DB04AFB005B4967 /* RussianEnumEndings.swift in Sources */,
				8814C0581DAFB0F2005B4967 /* CityNotFoundViewModel.swift in Sources */,
				88073ED91DABE1E0000696A3 /* AppDelegate.swift in Sources */,
				8814C03E1DAEBD2A005B4967 /* RxCLLocationManagerDelegateProxy.swift in Sources */,
				8814C05E1DAFCF28005B4967 /* CategoryTableViewCell.swift in Sources */,
				88073EFE1DAC4950000696A3 /* CitySelectViewModel.swift in Sources */,
				8814C0561DAFA7B5005B4967 /* BottomBorderedTextField.swift in Sources */,
				8814C0391DAE8F7F005B4967 /* LocationManager.swift in Sources */,
				8814C03C1DAEBCF1005B4967 /* CLLocationManager+Rx.swift .swift in Sources */,
			);
			runOnlyForDeploymentPostprocessing = 0;
		};
/* End PBXSourcesBuildPhase section */

/* Begin PBXVariantGroup section */
		88073EE11DABE1E0000696A3 /* LaunchScreen.storyboard */ = {
			isa = PBXVariantGroup;
			children = (
				88073EE21DABE1E0000696A3 /* Base */,
			);
			name = LaunchScreen.storyboard;
			path = .;
			sourceTree = "<group>";
		};
/* End PBXVariantGroup section */

/* Begin XCBuildConfiguration section */
		88073EE51DABE1E0000696A3 /* Debug */ = {
			isa = XCBuildConfiguration;
			buildSettings = {
				ALWAYS_SEARCH_USER_PATHS = NO;
				CLANG_ANALYZER_NONNULL = YES;
				CLANG_CXX_LANGUAGE_STANDARD = "gnu++0x";
				CLANG_CXX_LIBRARY = "libc++";
				CLANG_ENABLE_MODULES = YES;
				CLANG_ENABLE_OBJC_ARC = YES;
				CLANG_WARN_BOOL_CONVERSION = YES;
				CLANG_WARN_CONSTANT_CONVERSION = YES;
				CLANG_WARN_DIRECT_OBJC_ISA_USAGE = YES_ERROR;
				CLANG_WARN_DOCUMENTATION_COMMENTS = YES;
				CLANG_WARN_EMPTY_BODY = YES;
				CLANG_WARN_ENUM_CONVERSION = YES;
				CLANG_WARN_INFINITE_RECURSION = YES;
				CLANG_WARN_INT_CONVERSION = YES;
				CLANG_WARN_OBJC_ROOT_CLASS = YES_ERROR;
				CLANG_WARN_SUSPICIOUS_MOVE = YES;
				CLANG_WARN_SUSPICIOUS_MOVES = YES;
				CLANG_WARN_UNREACHABLE_CODE = YES;
				CLANG_WARN__DUPLICATE_METHOD_MATCH = YES;
				"CODE_SIGN_IDENTITY[sdk=iphoneos*]" = "iPhone Developer";
				COPY_PHASE_STRIP = NO;
				DEBUG_INFORMATION_FORMAT = dwarf;
				ENABLE_STRICT_OBJC_MSGSEND = YES;
				ENABLE_TESTABILITY = YES;
				GCC_C_LANGUAGE_STANDARD = gnu99;
				GCC_DYNAMIC_NO_PIC = NO;
				GCC_NO_COMMON_BLOCKS = YES;
				GCC_OPTIMIZATION_LEVEL = 0;
				GCC_PREPROCESSOR_DEFINITIONS = (
					"DEBUG=1",
					"$(inherited)",
				);
				GCC_WARN_64_TO_32_BIT_CONVERSION = YES;
				GCC_WARN_ABOUT_RETURN_TYPE = YES_ERROR;
				GCC_WARN_UNDECLARED_SELECTOR = YES;
				GCC_WARN_UNINITIALIZED_AUTOS = YES_AGGRESSIVE;
				GCC_WARN_UNUSED_FUNCTION = YES;
				GCC_WARN_UNUSED_VARIABLE = YES;
				IPHONEOS_DEPLOYMENT_TARGET = 10.0;
				MTL_ENABLE_DEBUG_INFO = YES;
				ONLY_ACTIVE_ARCH = YES;
				SDKROOT = iphoneos;
				SWIFT_ACTIVE_COMPILATION_CONDITIONS = DEBUG;
				SWIFT_OPTIMIZATION_LEVEL = "-Onone";
				TARGETED_DEVICE_FAMILY = "1,2";
			};
			name = Debug;
		};
		88073EE61DABE1E0000696A3 /* Release */ = {
			isa = XCBuildConfiguration;
			buildSettings = {
				ALWAYS_SEARCH_USER_PATHS = NO;
				CLANG_ANALYZER_NONNULL = YES;
				CLANG_CXX_LANGUAGE_STANDARD = "gnu++0x";
				CLANG_CXX_LIBRARY = "libc++";
				CLANG_ENABLE_MODULES = YES;
				CLANG_ENABLE_OBJC_ARC = YES;
				CLANG_WARN_BOOL_CONVERSION = YES;
				CLANG_WARN_CONSTANT_CONVERSION = YES;
				CLANG_WARN_DIRECT_OBJC_ISA_USAGE = YES_ERROR;
				CLANG_WARN_DOCUMENTATION_COMMENTS = YES;
				CLANG_WARN_EMPTY_BODY = YES;
				CLANG_WARN_ENUM_CONVERSION = YES;
				CLANG_WARN_INFINITE_RECURSION = YES;
				CLANG_WARN_INT_CONVERSION = YES;
				CLANG_WARN_OBJC_ROOT_CLASS = YES_ERROR;
				CLANG_WARN_SUSPICIOUS_MOVE = YES;
				CLANG_WARN_SUSPICIOUS_MOVES = YES;
				CLANG_WARN_UNREACHABLE_CODE = YES;
				CLANG_WARN__DUPLICATE_METHOD_MATCH = YES;
				"CODE_SIGN_IDENTITY[sdk=iphoneos*]" = "iPhone Developer";
				COPY_PHASE_STRIP = NO;
				DEBUG_INFORMATION_FORMAT = "dwarf-with-dsym";
				ENABLE_NS_ASSERTIONS = NO;
				ENABLE_STRICT_OBJC_MSGSEND = YES;
				GCC_C_LANGUAGE_STANDARD = gnu99;
				GCC_NO_COMMON_BLOCKS = YES;
				GCC_WARN_64_TO_32_BIT_CONVERSION = YES;
				GCC_WARN_ABOUT_RETURN_TYPE = YES_ERROR;
				GCC_WARN_UNDECLARED_SELECTOR = YES;
				GCC_WARN_UNINITIALIZED_AUTOS = YES_AGGRESSIVE;
				GCC_WARN_UNUSED_FUNCTION = YES;
				GCC_WARN_UNUSED_VARIABLE = YES;
				IPHONEOS_DEPLOYMENT_TARGET = 10.0;
				MTL_ENABLE_DEBUG_INFO = NO;
				SDKROOT = iphoneos;
				SWIFT_OPTIMIZATION_LEVEL = "-Owholemodule";
				TARGETED_DEVICE_FAMILY = "1,2";
				VALIDATE_PRODUCT = YES;
			};
			name = Release;
		};
		88073EE81DABE1E0000696A3 /* Debug */ = {
			isa = XCBuildConfiguration;
			baseConfigurationReference = 40CC6F844478737C97DE22A8 /* Pods-Chisto.debug.xcconfig */;
			buildSettings = {
				ALWAYS_EMBED_SWIFT_STANDARD_LIBRARIES = YES;
				ASSETCATALOG_COMPILER_APPICON_NAME = AppIcon;
				DEBUG_INFORMATION_FORMAT = "dwarf-with-dsym";
				DEVELOPMENT_TEAM = 7HLY3EQ26F;
				INFOPLIST_FILE = Chisto/Info.plist;
				LD_RUNPATH_SEARCH_PATHS = "$(inherited) @executable_path/Frameworks";
				PRODUCT_BUNDLE_IDENTIFIER = BinaryBlitz.Chisto;
				PRODUCT_NAME = "$(TARGET_NAME)";
				SWIFT_VERSION = 3.0;
			};
			name = Debug;
		};
		88073EE91DABE1E0000696A3 /* Release */ = {
			isa = XCBuildConfiguration;
			baseConfigurationReference = EA8A37CB3EB7F2EEDB9E26D5 /* Pods-Chisto.release.xcconfig */;
			buildSettings = {
				ALWAYS_EMBED_SWIFT_STANDARD_LIBRARIES = YES;
				ASSETCATALOG_COMPILER_APPICON_NAME = AppIcon;
				DEVELOPMENT_TEAM = 7HLY3EQ26F;
				INFOPLIST_FILE = Chisto/Info.plist;
				LD_RUNPATH_SEARCH_PATHS = "$(inherited) @executable_path/Frameworks";
				PRODUCT_BUNDLE_IDENTIFIER = BinaryBlitz.Chisto;
				PRODUCT_NAME = "$(TARGET_NAME)";
				SWIFT_VERSION = 3.0;
			};
			name = Release;
		};
/* End XCBuildConfiguration section */

/* Begin XCConfigurationList section */
		88073ED01DABE1E0000696A3 /* Build configuration list for PBXProject "Chisto" */ = {
			isa = XCConfigurationList;
			buildConfigurations = (
				88073EE51DABE1E0000696A3 /* Debug */,
				88073EE61DABE1E0000696A3 /* Release */,
			);
			defaultConfigurationIsVisible = 0;
			defaultConfigurationName = Release;
		};
		88073EE71DABE1E0000696A3 /* Build configuration list for PBXNativeTarget "Chisto" */ = {
			isa = XCConfigurationList;
			buildConfigurations = (
				88073EE81DABE1E0000696A3 /* Debug */,
				88073EE91DABE1E0000696A3 /* Release */,
			);
			defaultConfigurationIsVisible = 0;
			defaultConfigurationName = Release;
		};
/* End XCConfigurationList section */
	};
	rootObject = 88073ECD1DABE1E0000696A3 /* Project object */;
}
