// !$*UTF8*$!
{
	archiveVersion = 1;
	classes = {
	};
	objectVersion = 46;
	objects = {

/* Begin PBXBuildFile section */
		88072D4E1DB967EF00B47D23 /* ItemInfoViewController.storyboard in Resources */ = {isa = PBXBuildFile; fileRef = 88072D4D1DB967EF00B47D23 /* ItemInfoViewController.storyboard */; };
		88072D501DB9695300B47D23 /* ItemInfoViewController.swift in Sources */ = {isa = PBXBuildFile; fileRef = 88072D4F1DB9695200B47D23 /* ItemInfoViewController.swift */; };
		88072D521DB9695E00B47D23 /* ItemInfoViewModel.swift in Sources */ = {isa = PBXBuildFile; fileRef = 88072D511DB9695E00B47D23 /* ItemInfoViewModel.swift */; };
		88072D551DB9697700B47D23 /* ItemInfoTableViewCellModel.swift in Sources */ = {isa = PBXBuildFile; fileRef = 88072D541DB9697700B47D23 /* ItemInfoTableViewCellModel.swift */; };
		88072D571DB9698600B47D23 /* ItemInfoTableViewCell.swift in Sources */ = {isa = PBXBuildFile; fileRef = 88072D561DB9698600B47D23 /* ItemInfoTableViewCell.swift */; };
		88073ED91DABE1E0000696A3 /* AppDelegate.swift in Sources */ = {isa = PBXBuildFile; fileRef = 88073ED81DABE1E0000696A3 /* AppDelegate.swift */; };
		88073EE01DABE1E0000696A3 /* Assets.xcassets in Resources */ = {isa = PBXBuildFile; fileRef = 88073EDF1DABE1E0000696A3 /* Assets.xcassets */; };
		88073EE31DABE1E0000696A3 /* LaunchScreen.storyboard in Resources */ = {isa = PBXBuildFile; fileRef = 88073EE11DABE1E0000696A3 /* LaunchScreen.storyboard */; };
		88073EEF1DAC1A23000696A3 /* OnBoardingViewController.swift in Sources */ = {isa = PBXBuildFile; fileRef = 88073EED1DAC1A23000696A3 /* OnBoardingViewController.swift */; };
		88073EFC1DAC4661000696A3 /* CitySelectViewController.swift in Sources */ = {isa = PBXBuildFile; fileRef = 88073EFB1DAC4661000696A3 /* CitySelectViewController.swift */; };
		88073EFE1DAC4950000696A3 /* CitySelectViewModel.swift in Sources */ = {isa = PBXBuildFile; fileRef = 88073EFD1DAC4950000696A3 /* CitySelectViewModel.swift */; };
		88073F011DAD6E6F000696A3 /* .swiftlint.yml in Resources */ = {isa = PBXBuildFile; fileRef = 88073F001DAD6E6F000696A3 /* .swiftlint.yml */; };
		88073F031DAD6FCF000696A3 /* DescriptionListItemView.swift in Sources */ = {isa = PBXBuildFile; fileRef = 88073F021DAD6FCF000696A3 /* DescriptionListItemView.swift */; };
		8811FE0E1DC2DB0500610712 /* ProfileViewController.storyboard in Resources */ = {isa = PBXBuildFile; fileRef = 8811FE0B1DC2DB0500610712 /* ProfileViewController.storyboard */; };
		8811FE0F1DC2DB0500610712 /* ProfileNavigationController.swift in Sources */ = {isa = PBXBuildFile; fileRef = 8811FE0C1DC2DB0500610712 /* ProfileNavigationController.swift */; };
		8811FE101DC2DB0500610712 /* ProfileNavigationController.storyboard in Resources */ = {isa = PBXBuildFile; fileRef = 8811FE0D1DC2DB0500610712 /* ProfileNavigationController.storyboard */; };
		8811FE131DC2DBBE00610712 /* ProfileViewController.swift in Sources */ = {isa = PBXBuildFile; fileRef = 8811FE121DC2DBBE00610712 /* ProfileViewController.swift */; };
		8811FE151DC2DCA600610712 /* ProfileViewModel.swift in Sources */ = {isa = PBXBuildFile; fileRef = 8811FE141DC2DCA600610712 /* ProfileViewModel.swift */; };
		8811FE181DC2E5DB00610712 /* AboutViewController.storyboard in Resources */ = {isa = PBXBuildFile; fileRef = 8811FE171DC2E5DB00610712 /* AboutViewController.storyboard */; };
		8811FE1A1DC2EF4A00610712 /* AboutViewController.swift in Sources */ = {isa = PBXBuildFile; fileRef = 8811FE191DC2EF4A00610712 /* AboutViewController.swift */; };
		8814C0331DAD8123005B4967 /* Colors.swift in Sources */ = {isa = PBXBuildFile; fileRef = 8814C0321DAD8123005B4967 /* Colors.swift */; };
		8814C0391DAE8F7F005B4967 /* LocationManager.swift in Sources */ = {isa = PBXBuildFile; fileRef = 8814C0381DAE8F7F005B4967 /* LocationManager.swift */; };
		8814C03C1DAEBCF1005B4967 /* CLLocationManager+Rx.swift .swift in Sources */ = {isa = PBXBuildFile; fileRef = 8814C03B1DAEBCF1005B4967 /* CLLocationManager+Rx.swift .swift */; };
		8814C03E1DAEBD2A005B4967 /* RxCLLocationManagerDelegateProxy.swift in Sources */ = {isa = PBXBuildFile; fileRef = 8814C03D1DAEBD2A005B4967 /* RxCLLocationManagerDelegateProxy.swift */; };
		8814C0401DAED9AC005B4967 /* CityNotFoundViewController.swift in Sources */ = {isa = PBXBuildFile; fileRef = 8814C03F1DAED9AC005B4967 /* CityNotFoundViewController.swift */; };
		8814C04D1DAF159E005B4967 /* OrderViewModel.swift in Sources */ = {isa = PBXBuildFile; fileRef = 8814C04C1DAF159E005B4967 /* OrderViewModel.swift */; };
		8814C04F1DAF15DA005B4967 /* ChistoNavigationController.swift in Sources */ = {isa = PBXBuildFile; fileRef = 8814C04E1DAF15DA005B4967 /* ChistoNavigationController.swift */; };
		8814C0561DAFA7B5005B4967 /* BottomBorderedTextField.swift in Sources */ = {isa = PBXBuildFile; fileRef = 8814C0551DAFA7B5005B4967 /* BottomBorderedTextField.swift */; };
		8814C0581DAFB0F2005B4967 /* CityNotFoundViewModel.swift in Sources */ = {isa = PBXBuildFile; fileRef = 8814C0571DAFB0F1005B4967 /* CityNotFoundViewModel.swift */; };
		8814C05A1DAFC96D005B4967 /* CategoriesViewController.swift in Sources */ = {isa = PBXBuildFile; fileRef = 8814C0591DAFC96D005B4967 /* CategoriesViewController.swift */; };
		8814C05E1DAFCF28005B4967 /* CategoryTableViewCell.swift in Sources */ = {isa = PBXBuildFile; fileRef = 8814C05C1DAFCF28005B4967 /* CategoryTableViewCell.swift */; };
		8814C0611DAFEE7C005B4967 /* CategoriesViewModel.swift in Sources */ = {isa = PBXBuildFile; fileRef = 8814C0601DAFEE7C005B4967 /* CategoriesViewModel.swift */; };
		8814C0631DB03AD7005B4967 /* CategoryTableViewCellModel.swift in Sources */ = {isa = PBXBuildFile; fileRef = 8814C0621DB03AD7005B4967 /* CategoryTableViewCellModel.swift */; };
		8814C0651DB03CBC005B4967 /* Fonts.swift in Sources */ = {isa = PBXBuildFile; fileRef = 8814C0641DB03CBC005B4967 /* Fonts.swift */; };
		8814C0671DB04AFB005B4967 /* RussianEnumEndings.swift in Sources */ = {isa = PBXBuildFile; fileRef = 8814C0661DB04AFA005B4967 /* RussianEnumEndings.swift */; };
		8814C06B1DB059F4005B4967 /* KeyboardHideOutside.swift in Sources */ = {isa = PBXBuildFile; fileRef = 8814C06A1DB059F4005B4967 /* KeyboardHideOutside.swift */; };
		882288141DB6D11C000642E0 /* RootViewController.storyboard in Resources */ = {isa = PBXBuildFile; fileRef = 882288131DB6D11C000642E0 /* RootViewController.storyboard */; };
		882288161DB6D12C000642E0 /* RootViewController.swift in Sources */ = {isa = PBXBuildFile; fileRef = 882288151DB6D12C000642E0 /* RootViewController.swift */; };
		8833B5281DBE6E2B004D44CE /* LastTimePopupViewController.swift in Sources */ = {isa = PBXBuildFile; fileRef = 8833B5271DBE6E2B004D44CE /* LastTimePopupViewController.swift */; };
		8833B52A1DBE6E38004D44CE /* LastTimePopupViewController.storyboard in Resources */ = {isa = PBXBuildFile; fileRef = 8833B5291DBE6E38004D44CE /* LastTimePopupViewController.storyboard */; };
		8833B5301DBE8756004D44CE /* LaundryItemInfoView.xib in Resources */ = {isa = PBXBuildFile; fileRef = 8833B52F1DBE8756004D44CE /* LaundryItemInfoView.xib */; };
		8833B5321DBE8774004D44CE /* LaundryItemInfoView.swift in Sources */ = {isa = PBXBuildFile; fileRef = 8833B5311DBE8774004D44CE /* LaundryItemInfoView.swift */; };
		8833B5341DBF7F75004D44CE /* LaundryItemInfoViewModel.swift in Sources */ = {isa = PBXBuildFile; fileRef = 8833B5331DBF7F75004D44CE /* LaundryItemInfoViewModel.swift */; };
		8833B5361DBF8241004D44CE /* LastTimePopupViewModel.swift in Sources */ = {isa = PBXBuildFile; fileRef = 8833B5351DBF8241004D44CE /* LastTimePopupViewModel.swift */; };
		88373C981DC9ECAF00DE4D13 /* OrderConfirmServiceItemView.xib in Resources */ = {isa = PBXBuildFile; fileRef = 88373C971DC9ECAF00DE4D13 /* OrderConfirmServiceItemView.xib */; };
		883760D11DB8D97500C9F506 /* OnBoardingNavigationController.swift in Sources */ = {isa = PBXBuildFile; fileRef = 883760D01DB8D97500C9F506 /* OnBoardingNavigationController.swift */; };
		883760D31DB8DA1400C9F506 /* UIViewController+StoryboardInstance.swift in Sources */ = {isa = PBXBuildFile; fileRef = 883760D21DB8DA1400C9F506 /* UIViewController+StoryboardInstance.swift */; };
		883760D51DB8DB9F00C9F506 /* OnBoardingNavigationController.storyboard in Resources */ = {isa = PBXBuildFile; fileRef = 883760D41DB8DB9F00C9F506 /* OnBoardingNavigationController.storyboard */; };
		885409B61DB23DEC00219C00 /* CitySelectViewController.storyboard in Resources */ = {isa = PBXBuildFile; fileRef = 885409B51DB23DEB00219C00 /* CitySelectViewController.storyboard */; };
		885409B81DB2582200219C00 /* CityNotFoundViewController.storyboard in Resources */ = {isa = PBXBuildFile; fileRef = 885409B71DB2582200219C00 /* CityNotFoundViewController.storyboard */; };
		885409BA1DB25B5100219C00 /* GoButton.swift in Sources */ = {isa = PBXBuildFile; fileRef = 885409B91DB25B5100219C00 /* GoButton.swift */; };
		885409C01DB2C76500219C00 /* OrderViewController.storyboard in Resources */ = {isa = PBXBuildFile; fileRef = 885409BF1DB2C76500219C00 /* OrderViewController.storyboard */; };
		885409C31DB2E43300219C00 /* EmptyOrderView.swift in Sources */ = {isa = PBXBuildFile; fileRef = 885409C21DB2E43300219C00 /* EmptyOrderView.swift */; };
		885409C51DB2E55400219C00 /* CategoriesViewController.storyboard in Resources */ = {isa = PBXBuildFile; fileRef = 885409C41DB2E55400219C00 /* CategoriesViewController.storyboard */; };
		885409C71DB2EC5D00219C00 /* UIView+IBInspectable.swift in Sources */ = {isa = PBXBuildFile; fileRef = 885409C61DB2EC5D00219C00 /* UIView+IBInspectable.swift */; };
		885C196F1DC379E40081A4F3 /* LaundrySortViewController.storyboard in Resources */ = {isa = PBXBuildFile; fileRef = 885C196C1DC379E40081A4F3 /* LaundrySortViewController.storyboard */; };
		885C19701DC379E40081A4F3 /* LaundrySortViewModel.swift in Sources */ = {isa = PBXBuildFile; fileRef = 885C196D1DC379E40081A4F3 /* LaundrySortViewModel.swift */; };
		885C19711DC379E40081A4F3 /* LaundrySortViewController.swift in Sources */ = {isa = PBXBuildFile; fileRef = 885C196E1DC379E40081A4F3 /* LaundrySortViewController.swift */; };
		8862E6CB1DC8E2C800DDFB00 /* OrderItem.swift in Sources */ = {isa = PBXBuildFile; fileRef = 8862E6CA1DC8E2C800DDFB00 /* OrderItem.swift */; };
		8862E6CE1DC8ECAC00DDFB00 /* OrderConfirmViewController.swift in Sources */ = {isa = PBXBuildFile; fileRef = 8862E6CD1DC8ECAC00DDFB00 /* OrderConfirmViewController.swift */; };
		8862E6D01DC8ECBD00DDFB00 /* OrderConfirmViewController.storyboard in Resources */ = {isa = PBXBuildFile; fileRef = 8862E6CF1DC8ECBD00DDFB00 /* OrderConfirmViewController.storyboard */; };
		8869D1231DCA4D9800EA7425 /* OrderConfirmServiceItemView.swift in Sources */ = {isa = PBXBuildFile; fileRef = 8869D1221DCA4D9800EA7425 /* OrderConfirmServiceItemView.swift */; };
		889A84151DCA55E800E3926D /* OrderConfirmServiceTableViewCell.swift in Sources */ = {isa = PBXBuildFile; fileRef = 889A84141DCA55E800E3926D /* OrderConfirmServiceTableViewCell.swift */; };
		889A84171DCA56CB00E3926D /* OrderConfirmViewModel.swift in Sources */ = {isa = PBXBuildFile; fileRef = 889A84161DCA56CB00E3926D /* OrderConfirmViewModel.swift */; };
		889A841B1DCA82B800E3926D /* OrderConfirmServiceTableViewCellModel.swift in Sources */ = {isa = PBXBuildFile; fileRef = 889A841A1DCA82B800E3926D /* OrderConfirmServiceTableViewCellModel.swift */; };
		889D87C71DC0A752003E8DAC /* LaundrySelectViewController.swift in Sources */ = {isa = PBXBuildFile; fileRef = 889D87C61DC0A752003E8DAC /* LaundrySelectViewController.swift */; };
		889D87C91DC0A760003E8DAC /* LaundrySelectViewController.storyboard in Resources */ = {isa = PBXBuildFile; fileRef = 889D87C81DC0A760003E8DAC /* LaundrySelectViewController.storyboard */; };
		889D87CB1DC0B45C003E8DAC /* RotatingUILabel.swift in Sources */ = {isa = PBXBuildFile; fileRef = 889D87CA1DC0B45C003E8DAC /* RotatingUILabel.swift */; };
		889D87CE1DC0BA2F003E8DAC /* LaundrySelectTableViewCell.swift in Sources */ = {isa = PBXBuildFile; fileRef = 889D87CD1DC0BA2F003E8DAC /* LaundrySelectTableViewCell.swift */; };
		889D87D01DC1F3DE003E8DAC /* LaundrySelectTableViewCellModel.swift in Sources */ = {isa = PBXBuildFile; fileRef = 889D87CF1DC1F3DE003E8DAC /* LaundrySelectTableViewCellModel.swift */; };
		889D87D21DC1F71F003E8DAC /* LaundrySelectViewModel.swift in Sources */ = {isa = PBXBuildFile; fileRef = 889D87D11DC1F71E003E8DAC /* LaundrySelectViewModel.swift */; };
		88B0B54E1DB1026400C7D0F7 /* SetSearchBarTextColor.swift in Sources */ = {isa = PBXBuildFile; fileRef = 88B0B54D1DB1026400C7D0F7 /* SetSearchBarTextColor.swift */; };
		88B0B5501DB1825500C7D0F7 /* OnBoardingViewController.storyboard in Resources */ = {isa = PBXBuildFile; fileRef = 88B0B54F1DB1825500C7D0F7 /* OnBoardingViewController.storyboard */; };
		88B0B5521DB19C6E00C7D0F7 /* DescriptionListItemView.xib in Resources */ = {isa = PBXBuildFile; fileRef = 88B0B5511DB19C6E00C7D0F7 /* DescriptionListItemView.xib */; };
		88D8ABBB1DB56E53009D515B /* SelectClothesViewController.swift in Sources */ = {isa = PBXBuildFile; fileRef = 88D8ABBA1DB56E53009D515B /* SelectClothesViewController.swift */; };
		88D8ABBD1DB56E89009D515B /* SelectClothesViewModel.swift in Sources */ = {isa = PBXBuildFile; fileRef = 88D8ABBC1DB56E89009D515B /* SelectClothesViewModel.swift */; };
		88D8ABBF1DB56EB8009D515B /* SelectClothesViewController.storyboard in Resources */ = {isa = PBXBuildFile; fileRef = 88D8ABBE1DB56EB8009D515B /* SelectClothesViewController.storyboard */; };
		88D8ABC21DB587CF009D515B /* SelectClothesTableViewCell.swift in Sources */ = {isa = PBXBuildFile; fileRef = 88D8ABC11DB587CF009D515B /* SelectClothesTableViewCell.swift */; };
		88D8ABC41DB587EC009D515B /* SelectClothesTableViewCellModel.swift in Sources */ = {isa = PBXBuildFile; fileRef = 88D8ABC31DB587EC009D515B /* SelectClothesTableViewCellModel.swift */; };
		88DB32ED1DB4C86A00F9E000 /* OrderViewController.swift in Sources */ = {isa = PBXBuildFile; fileRef = 8814C0491DAF12FE005B4967 /* OrderViewController.swift */; };
		88E6B5991DCB73610024FA1A /* UIView+AddBorders.swift in Sources */ = {isa = PBXBuildFile; fileRef = 88E6B5981DCB73600024FA1A /* UIView+AddBorders.swift */; };
		88E6B59D1DCB7F710024FA1A /* RegistrationPhoneInputViewController.storyboard in Resources */ = {isa = PBXBuildFile; fileRef = 88E6B59C1DCB7F710024FA1A /* RegistrationPhoneInputViewController.storyboard */; };
		88E6B59F1DCB847F0024FA1A /* RegistrationPhoneInputViewController.swift in Sources */ = {isa = PBXBuildFile; fileRef = 88E6B59E1DCB847F0024FA1A /* RegistrationPhoneInputViewController.swift */; };
		88E86DA61DB8E800002A7024 /* ServiceSelectViewController.storyboard in Resources */ = {isa = PBXBuildFile; fileRef = 88E86DA11DB8E800002A7024 /* ServiceSelectViewController.storyboard */; };
		88E86DA71DB8E800002A7024 /* ServiceSelectTableViewCell.swift in Sources */ = {isa = PBXBuildFile; fileRef = 88E86DA21DB8E800002A7024 /* ServiceSelectTableViewCell.swift */; };
		88E86DA81DB8E800002A7024 /* ServiceSelectTableViewCellModel.swift in Sources */ = {isa = PBXBuildFile; fileRef = 88E86DA31DB8E800002A7024 /* ServiceSelectTableViewCellModel.swift */; };
		88E86DA91DB8E800002A7024 /* ServiceSelectViewController.swift in Sources */ = {isa = PBXBuildFile; fileRef = 88E86DA41DB8E800002A7024 /* ServiceSelectViewController.swift */; };
		88E86DAA1DB8E800002A7024 /* ServiceSelectViewModel.swift in Sources */ = {isa = PBXBuildFile; fileRef = 88E86DA51DB8E800002A7024 /* ServiceSelectViewModel.swift */; };
		88E86DAE1DB90B4B002A7024 /* EmptyOrderView.xib in Resources */ = {isa = PBXBuildFile; fileRef = 88E86DAD1DB90B4B002A7024 /* EmptyOrderView.xib */; };
		88E86DB01DB90BD1002A7024 /* UIView+nibInstance.swift in Sources */ = {isa = PBXBuildFile; fileRef = 88E86DAF1DB90BD1002A7024 /* UIView+nibInstance.swift */; };
		88E86DB31DB916B3002A7024 /* OrderManager.swift in Sources */ = {isa = PBXBuildFile; fileRef = 88E86DB21DB916B3002A7024 /* OrderManager.swift */; };
		88E86DB51DB91BAE002A7024 /* OrderTableViewCell.swift in Sources */ = {isa = PBXBuildFile; fileRef = 88E86DB41DB91BAE002A7024 /* OrderTableViewCell.swift */; };
		88E86DB71DB91BBA002A7024 /* OrderTableViewCellModel.swift in Sources */ = {isa = PBXBuildFile; fileRef = 88E86DB61DB91BBA002A7024 /* OrderTableViewCellModel.swift */; };
		CC63F0EA174EB55F7C1DD247 /* Pods_Chisto.framework in Frameworks */ = {isa = PBXBuildFile; fileRef = 88D4403E4AD2DF4A42F5C8FA /* Pods_Chisto.framework */; };
/* End PBXBuildFile section */

/* Begin PBXFileReference section */
		40CC6F844478737C97DE22A8 /* Pods-Chisto.debug.xcconfig */ = {isa = PBXFileReference; includeInIndex = 1; lastKnownFileType = text.xcconfig; name = "Pods-Chisto.debug.xcconfig"; path = "Pods/Target Support Files/Pods-Chisto/Pods-Chisto.debug.xcconfig"; sourceTree = "<group>"; };
		88072D4D1DB967EF00B47D23 /* ItemInfoViewController.storyboard */ = {isa = PBXFileReference; fileEncoding = 4; lastKnownFileType = file.storyboard; path = ItemInfoViewController.storyboard; sourceTree = "<group>"; };
		88072D4F1DB9695200B47D23 /* ItemInfoViewController.swift */ = {isa = PBXFileReference; fileEncoding = 4; lastKnownFileType = sourcecode.swift; path = ItemInfoViewController.swift; sourceTree = "<group>"; };
		88072D511DB9695E00B47D23 /* ItemInfoViewModel.swift */ = {isa = PBXFileReference; fileEncoding = 4; lastKnownFileType = sourcecode.swift; path = ItemInfoViewModel.swift; sourceTree = "<group>"; };
		88072D541DB9697700B47D23 /* ItemInfoTableViewCellModel.swift */ = {isa = PBXFileReference; fileEncoding = 4; lastKnownFileType = sourcecode.swift; path = ItemInfoTableViewCellModel.swift; sourceTree = "<group>"; };
		88072D561DB9698600B47D23 /* ItemInfoTableViewCell.swift */ = {isa = PBXFileReference; fileEncoding = 4; lastKnownFileType = sourcecode.swift; path = ItemInfoTableViewCell.swift; sourceTree = "<group>"; };
		88073ED51DABE1E0000696A3 /* Chisto.app */ = {isa = PBXFileReference; explicitFileType = wrapper.application; includeInIndex = 0; path = Chisto.app; sourceTree = BUILT_PRODUCTS_DIR; };
		88073ED81DABE1E0000696A3 /* AppDelegate.swift */ = {isa = PBXFileReference; lastKnownFileType = sourcecode.swift; path = AppDelegate.swift; sourceTree = "<group>"; };
		88073EDF1DABE1E0000696A3 /* Assets.xcassets */ = {isa = PBXFileReference; lastKnownFileType = folder.assetcatalog; path = Assets.xcassets; sourceTree = "<group>"; };
		88073EE21DABE1E0000696A3 /* Base */ = {isa = PBXFileReference; lastKnownFileType = file.storyboard; name = Base; path = Base.lproj/LaunchScreen.storyboard; sourceTree = "<group>"; };
		88073EE41DABE1E0000696A3 /* Info.plist */ = {isa = PBXFileReference; lastKnownFileType = text.plist.xml; path = Info.plist; sourceTree = "<group>"; };
		88073EED1DAC1A23000696A3 /* OnBoardingViewController.swift */ = {isa = PBXFileReference; fileEncoding = 4; lastKnownFileType = sourcecode.swift; path = OnBoardingViewController.swift; sourceTree = "<group>"; };
		88073EFB1DAC4661000696A3 /* CitySelectViewController.swift */ = {isa = PBXFileReference; fileEncoding = 4; lastKnownFileType = sourcecode.swift; path = CitySelectViewController.swift; sourceTree = "<group>"; };
		88073EFD1DAC4950000696A3 /* CitySelectViewModel.swift */ = {isa = PBXFileReference; fileEncoding = 4; lastKnownFileType = sourcecode.swift; path = CitySelectViewModel.swift; sourceTree = "<group>"; };
		88073F001DAD6E6F000696A3 /* .swiftlint.yml */ = {isa = PBXFileReference; fileEncoding = 4; lastKnownFileType = text; path = .swiftlint.yml; sourceTree = "<group>"; };
		88073F021DAD6FCF000696A3 /* DescriptionListItemView.swift */ = {isa = PBXFileReference; fileEncoding = 4; lastKnownFileType = sourcecode.swift; path = DescriptionListItemView.swift; sourceTree = "<group>"; };
		8811FE0B1DC2DB0500610712 /* ProfileViewController.storyboard */ = {isa = PBXFileReference; fileEncoding = 4; lastKnownFileType = file.storyboard; path = ProfileViewController.storyboard; sourceTree = "<group>"; };
		8811FE0C1DC2DB0500610712 /* ProfileNavigationController.swift */ = {isa = PBXFileReference; fileEncoding = 4; lastKnownFileType = sourcecode.swift; path = ProfileNavigationController.swift; sourceTree = "<group>"; };
		8811FE0D1DC2DB0500610712 /* ProfileNavigationController.storyboard */ = {isa = PBXFileReference; fileEncoding = 4; lastKnownFileType = file.storyboard; path = ProfileNavigationController.storyboard; sourceTree = "<group>"; };
		8811FE121DC2DBBE00610712 /* ProfileViewController.swift */ = {isa = PBXFileReference; fileEncoding = 4; lastKnownFileType = sourcecode.swift; path = ProfileViewController.swift; sourceTree = "<group>"; };
		8811FE141DC2DCA600610712 /* ProfileViewModel.swift */ = {isa = PBXFileReference; fileEncoding = 4; lastKnownFileType = sourcecode.swift; path = ProfileViewModel.swift; sourceTree = "<group>"; };
		8811FE171DC2E5DB00610712 /* AboutViewController.storyboard */ = {isa = PBXFileReference; fileEncoding = 4; lastKnownFileType = file.storyboard; path = AboutViewController.storyboard; sourceTree = "<group>"; };
		8811FE191DC2EF4A00610712 /* AboutViewController.swift */ = {isa = PBXFileReference; fileEncoding = 4; lastKnownFileType = sourcecode.swift; path = AboutViewController.swift; sourceTree = "<group>"; };
		8814C0321DAD8123005B4967 /* Colors.swift */ = {isa = PBXFileReference; fileEncoding = 4; lastKnownFileType = sourcecode.swift; path = Colors.swift; sourceTree = "<group>"; };
		8814C0381DAE8F7F005B4967 /* LocationManager.swift */ = {isa = PBXFileReference; fileEncoding = 4; lastKnownFileType = sourcecode.swift; path = LocationManager.swift; sourceTree = "<group>"; };
		8814C03B1DAEBCF1005B4967 /* CLLocationManager+Rx.swift .swift */ = {isa = PBXFileReference; fileEncoding = 4; lastKnownFileType = sourcecode.swift; path = "CLLocationManager+Rx.swift .swift"; sourceTree = "<group>"; };
		8814C03D1DAEBD2A005B4967 /* RxCLLocationManagerDelegateProxy.swift */ = {isa = PBXFileReference; fileEncoding = 4; lastKnownFileType = sourcecode.swift; path = RxCLLocationManagerDelegateProxy.swift; sourceTree = "<group>"; };
		8814C03F1DAED9AC005B4967 /* CityNotFoundViewController.swift */ = {isa = PBXFileReference; fileEncoding = 4; lastKnownFileType = sourcecode.swift; name = CityNotFoundViewController.swift; path = ../CitySelect/CityNotFoundViewController.swift; sourceTree = "<group>"; };
		8814C0491DAF12FE005B4967 /* OrderViewController.swift */ = {isa = PBXFileReference; fileEncoding = 4; lastKnownFileType = sourcecode.swift; path = OrderViewController.swift; sourceTree = "<group>"; };
		8814C04C1DAF159E005B4967 /* OrderViewModel.swift */ = {isa = PBXFileReference; fileEncoding = 4; lastKnownFileType = sourcecode.swift; path = OrderViewModel.swift; sourceTree = "<group>"; };
		8814C04E1DAF15DA005B4967 /* ChistoNavigationController.swift */ = {isa = PBXFileReference; fileEncoding = 4; lastKnownFileType = sourcecode.swift; path = ChistoNavigationController.swift; sourceTree = "<group>"; };
		8814C0551DAFA7B5005B4967 /* BottomBorderedTextField.swift */ = {isa = PBXFileReference; fileEncoding = 4; lastKnownFileType = sourcecode.swift; path = BottomBorderedTextField.swift; sourceTree = "<group>"; };
		8814C0571DAFB0F1005B4967 /* CityNotFoundViewModel.swift */ = {isa = PBXFileReference; fileEncoding = 4; lastKnownFileType = sourcecode.swift; name = CityNotFoundViewModel.swift; path = ../CitySelect/CityNotFoundViewModel.swift; sourceTree = "<group>"; };
		8814C0591DAFC96D005B4967 /* CategoriesViewController.swift */ = {isa = PBXFileReference; fileEncoding = 4; lastKnownFileType = sourcecode.swift; path = CategoriesViewController.swift; sourceTree = "<group>"; };
		8814C05C1DAFCF28005B4967 /* CategoryTableViewCell.swift */ = {isa = PBXFileReference; fileEncoding = 4; lastKnownFileType = sourcecode.swift; path = CategoryTableViewCell.swift; sourceTree = "<group>"; };
		8814C0601DAFEE7C005B4967 /* CategoriesViewModel.swift */ = {isa = PBXFileReference; fileEncoding = 4; lastKnownFileType = sourcecode.swift; path = CategoriesViewModel.swift; sourceTree = "<group>"; };
		8814C0621DB03AD7005B4967 /* CategoryTableViewCellModel.swift */ = {isa = PBXFileReference; fileEncoding = 4; lastKnownFileType = sourcecode.swift; path = CategoryTableViewCellModel.swift; sourceTree = "<group>"; };
		8814C0641DB03CBC005B4967 /* Fonts.swift */ = {isa = PBXFileReference; fileEncoding = 4; lastKnownFileType = sourcecode.swift; path = Fonts.swift; sourceTree = "<group>"; };
		8814C0661DB04AFA005B4967 /* RussianEnumEndings.swift */ = {isa = PBXFileReference; fileEncoding = 4; lastKnownFileType = sourcecode.swift; path = RussianEnumEndings.swift; sourceTree = "<group>"; };
		8814C06A1DB059F4005B4967 /* KeyboardHideOutside.swift */ = {isa = PBXFileReference; fileEncoding = 4; lastKnownFileType = sourcecode.swift; path = KeyboardHideOutside.swift; sourceTree = "<group>"; };
		882288131DB6D11C000642E0 /* RootViewController.storyboard */ = {isa = PBXFileReference; fileEncoding = 4; lastKnownFileType = file.storyboard; path = RootViewController.storyboard; sourceTree = "<group>"; };
		882288151DB6D12C000642E0 /* RootViewController.swift */ = {isa = PBXFileReference; fileEncoding = 4; lastKnownFileType = sourcecode.swift; path = RootViewController.swift; sourceTree = "<group>"; };
		8833B5231DBCEC0B004D44CE /* ru */ = {isa = PBXFileReference; lastKnownFileType = text.plist.strings; name = ru; path = ru.lproj/LaunchScreen.strings; sourceTree = "<group>"; };
		8833B5271DBE6E2B004D44CE /* LastTimePopupViewController.swift */ = {isa = PBXFileReference; fileEncoding = 4; lastKnownFileType = sourcecode.swift; path = LastTimePopupViewController.swift; sourceTree = "<group>"; };
		8833B5291DBE6E38004D44CE /* LastTimePopupViewController.storyboard */ = {isa = PBXFileReference; fileEncoding = 4; lastKnownFileType = file.storyboard; path = LastTimePopupViewController.storyboard; sourceTree = "<group>"; };
		8833B52F1DBE8756004D44CE /* LaundryItemInfoView.xib */ = {isa = PBXFileReference; fileEncoding = 4; lastKnownFileType = file.xib; path = LaundryItemInfoView.xib; sourceTree = "<group>"; };
		8833B5311DBE8774004D44CE /* LaundryItemInfoView.swift */ = {isa = PBXFileReference; fileEncoding = 4; lastKnownFileType = sourcecode.swift; path = LaundryItemInfoView.swift; sourceTree = "<group>"; };
		8833B5331DBF7F75004D44CE /* LaundryItemInfoViewModel.swift */ = {isa = PBXFileReference; fileEncoding = 4; lastKnownFileType = sourcecode.swift; path = LaundryItemInfoViewModel.swift; sourceTree = "<group>"; };
		8833B5351DBF8241004D44CE /* LastTimePopupViewModel.swift */ = {isa = PBXFileReference; fileEncoding = 4; lastKnownFileType = sourcecode.swift; path = LastTimePopupViewModel.swift; sourceTree = "<group>"; };
		88373C971DC9ECAF00DE4D13 /* OrderConfirmServiceItemView.xib */ = {isa = PBXFileReference; fileEncoding = 4; lastKnownFileType = file.xib; path = OrderConfirmServiceItemView.xib; sourceTree = "<group>"; };
		883760D01DB8D97500C9F506 /* OnBoardingNavigationController.swift */ = {isa = PBXFileReference; fileEncoding = 4; lastKnownFileType = sourcecode.swift; path = OnBoardingNavigationController.swift; sourceTree = "<group>"; };
		883760D21DB8DA1400C9F506 /* UIViewController+StoryboardInstance.swift */ = {isa = PBXFileReference; fileEncoding = 4; lastKnownFileType = sourcecode.swift; path = "UIViewController+StoryboardInstance.swift"; sourceTree = "<group>"; };
		883760D41DB8DB9F00C9F506 /* OnBoardingNavigationController.storyboard */ = {isa = PBXFileReference; fileEncoding = 4; lastKnownFileType = file.storyboard; path = OnBoardingNavigationController.storyboard; sourceTree = "<group>"; };
		885409B51DB23DEB00219C00 /* CitySelectViewController.storyboard */ = {isa = PBXFileReference; fileEncoding = 4; lastKnownFileType = file.storyboard; path = CitySelectViewController.storyboard; sourceTree = "<group>"; };
		885409B71DB2582200219C00 /* CityNotFoundViewController.storyboard */ = {isa = PBXFileReference; fileEncoding = 4; lastKnownFileType = file.storyboard; name = CityNotFoundViewController.storyboard; path = ../CitySelect/CityNotFoundViewController.storyboard; sourceTree = "<group>"; };
		885409B91DB25B5100219C00 /* GoButton.swift */ = {isa = PBXFileReference; fileEncoding = 4; lastKnownFileType = sourcecode.swift; path = GoButton.swift; sourceTree = "<group>"; };
		885409BF1DB2C76500219C00 /* OrderViewController.storyboard */ = {isa = PBXFileReference; fileEncoding = 4; lastKnownFileType = file.storyboard; path = OrderViewController.storyboard; sourceTree = "<group>"; };
		885409C21DB2E43300219C00 /* EmptyOrderView.swift */ = {isa = PBXFileReference; fileEncoding = 4; lastKnownFileType = sourcecode.swift; path = EmptyOrderView.swift; sourceTree = "<group>"; };
		885409C41DB2E55400219C00 /* CategoriesViewController.storyboard */ = {isa = PBXFileReference; fileEncoding = 4; lastKnownFileType = file.storyboard; path = CategoriesViewController.storyboard; sourceTree = "<group>"; };
		885409C61DB2EC5D00219C00 /* UIView+IBInspectable.swift */ = {isa = PBXFileReference; fileEncoding = 4; lastKnownFileType = sourcecode.swift; path = "UIView+IBInspectable.swift"; sourceTree = "<group>"; };
		885C196C1DC379E40081A4F3 /* LaundrySortViewController.storyboard */ = {isa = PBXFileReference; fileEncoding = 4; lastKnownFileType = file.storyboard; path = LaundrySortViewController.storyboard; sourceTree = "<group>"; };
		885C196D1DC379E40081A4F3 /* LaundrySortViewModel.swift */ = {isa = PBXFileReference; fileEncoding = 4; lastKnownFileType = sourcecode.swift; path = LaundrySortViewModel.swift; sourceTree = "<group>"; };
		885C196E1DC379E40081A4F3 /* LaundrySortViewController.swift */ = {isa = PBXFileReference; fileEncoding = 4; lastKnownFileType = sourcecode.swift; path = LaundrySortViewController.swift; sourceTree = "<group>"; };
		8862E6CA1DC8E2C800DDFB00 /* OrderItem.swift */ = {isa = PBXFileReference; fileEncoding = 4; lastKnownFileType = sourcecode.swift; path = OrderItem.swift; sourceTree = "<group>"; };
		8862E6CD1DC8ECAC00DDFB00 /* OrderConfirmViewController.swift */ = {isa = PBXFileReference; fileEncoding = 4; lastKnownFileType = sourcecode.swift; path = OrderConfirmViewController.swift; sourceTree = "<group>"; };
		8862E6CF1DC8ECBD00DDFB00 /* OrderConfirmViewController.storyboard */ = {isa = PBXFileReference; fileEncoding = 4; lastKnownFileType = file.storyboard; path = OrderConfirmViewController.storyboard; sourceTree = "<group>"; };
		8869D1221DCA4D9800EA7425 /* OrderConfirmServiceItemView.swift */ = {isa = PBXFileReference; fileEncoding = 4; lastKnownFileType = sourcecode.swift; path = OrderConfirmServiceItemView.swift; sourceTree = "<group>"; };
		889A84141DCA55E800E3926D /* OrderConfirmServiceTableViewCell.swift */ = {isa = PBXFileReference; fileEncoding = 4; lastKnownFileType = sourcecode.swift; path = OrderConfirmServiceTableViewCell.swift; sourceTree = "<group>"; };
		889A84161DCA56CB00E3926D /* OrderConfirmViewModel.swift */ = {isa = PBXFileReference; fileEncoding = 4; lastKnownFileType = sourcecode.swift; path = OrderConfirmViewModel.swift; sourceTree = "<group>"; };
		889A841A1DCA82B800E3926D /* OrderConfirmServiceTableViewCellModel.swift */ = {isa = PBXFileReference; fileEncoding = 4; lastKnownFileType = sourcecode.swift; path = OrderConfirmServiceTableViewCellModel.swift; sourceTree = "<group>"; };
		889D87C61DC0A752003E8DAC /* LaundrySelectViewController.swift */ = {isa = PBXFileReference; fileEncoding = 4; lastKnownFileType = sourcecode.swift; path = LaundrySelectViewController.swift; sourceTree = "<group>"; };
		889D87C81DC0A760003E8DAC /* LaundrySelectViewController.storyboard */ = {isa = PBXFileReference; fileEncoding = 4; lastKnownFileType = file.storyboard; path = LaundrySelectViewController.storyboard; sourceTree = "<group>"; };
		889D87CA1DC0B45C003E8DAC /* RotatingUILabel.swift */ = {isa = PBXFileReference; fileEncoding = 4; lastKnownFileType = sourcecode.swift; path = RotatingUILabel.swift; sourceTree = "<group>"; };
		889D87CD1DC0BA2F003E8DAC /* LaundrySelectTableViewCell.swift */ = {isa = PBXFileReference; fileEncoding = 4; lastKnownFileType = sourcecode.swift; path = LaundrySelectTableViewCell.swift; sourceTree = "<group>"; };
		889D87CF1DC1F3DE003E8DAC /* LaundrySelectTableViewCellModel.swift */ = {isa = PBXFileReference; fileEncoding = 4; lastKnownFileType = sourcecode.swift; path = LaundrySelectTableViewCellModel.swift; sourceTree = "<group>"; };
		889D87D11DC1F71E003E8DAC /* LaundrySelectViewModel.swift */ = {isa = PBXFileReference; fileEncoding = 4; lastKnownFileType = sourcecode.swift; path = LaundrySelectViewModel.swift; sourceTree = "<group>"; };
		88B0B54D1DB1026400C7D0F7 /* SetSearchBarTextColor.swift */ = {isa = PBXFileReference; fileEncoding = 4; lastKnownFileType = sourcecode.swift; path = SetSearchBarTextColor.swift; sourceTree = "<group>"; };
		88B0B54F1DB1825500C7D0F7 /* OnBoardingViewController.storyboard */ = {isa = PBXFileReference; fileEncoding = 4; lastKnownFileType = file.storyboard; path = OnBoardingViewController.storyboard; sourceTree = "<group>"; };
		88B0B5511DB19C6E00C7D0F7 /* DescriptionListItemView.xib */ = {isa = PBXFileReference; fileEncoding = 4; lastKnownFileType = file.xib; path = DescriptionListItemView.xib; sourceTree = "<group>"; };
		88D4403E4AD2DF4A42F5C8FA /* Pods_Chisto.framework */ = {isa = PBXFileReference; explicitFileType = wrapper.framework; includeInIndex = 0; path = Pods_Chisto.framework; sourceTree = BUILT_PRODUCTS_DIR; };
		88D8ABBA1DB56E53009D515B /* SelectClothesViewController.swift */ = {isa = PBXFileReference; fileEncoding = 4; lastKnownFileType = sourcecode.swift; name = SelectClothesViewController.swift; path = SelectClothes/SelectClothesViewController.swift; sourceTree = "<group>"; };
		88D8ABBC1DB56E89009D515B /* SelectClothesViewModel.swift */ = {isa = PBXFileReference; fileEncoding = 4; lastKnownFileType = sourcecode.swift; path = SelectClothesViewModel.swift; sourceTree = "<group>"; };
		88D8ABBE1DB56EB8009D515B /* SelectClothesViewController.storyboard */ = {isa = PBXFileReference; fileEncoding = 4; lastKnownFileType = file.storyboard; path = SelectClothesViewController.storyboard; sourceTree = "<group>"; };
		88D8ABC11DB587CF009D515B /* SelectClothesTableViewCell.swift */ = {isa = PBXFileReference; fileEncoding = 4; lastKnownFileType = sourcecode.swift; name = SelectClothesTableViewCell.swift; path = SelectClothes/Views/SelectClothesTableViewCell.swift; sourceTree = "<group>"; };
		88D8ABC31DB587EC009D515B /* SelectClothesTableViewCellModel.swift */ = {isa = PBXFileReference; fileEncoding = 4; lastKnownFileType = sourcecode.swift; path = SelectClothesTableViewCellModel.swift; sourceTree = "<group>"; };
		88E6B5981DCB73600024FA1A /* UIView+AddBorders.swift */ = {isa = PBXFileReference; fileEncoding = 4; lastKnownFileType = sourcecode.swift; path = "UIView+AddBorders.swift"; sourceTree = "<group>"; };
		88E6B59C1DCB7F710024FA1A /* RegistrationPhoneInputViewController.storyboard */ = {isa = PBXFileReference; fileEncoding = 4; lastKnownFileType = file.storyboard; path = RegistrationPhoneInputViewController.storyboard; sourceTree = "<group>"; };
		88E6B59E1DCB847F0024FA1A /* RegistrationPhoneInputViewController.swift */ = {isa = PBXFileReference; fileEncoding = 4; lastKnownFileType = sourcecode.swift; path = RegistrationPhoneInputViewController.swift; sourceTree = "<group>"; };
		88E86DA11DB8E800002A7024 /* ServiceSelectViewController.storyboard */ = {isa = PBXFileReference; fileEncoding = 4; lastKnownFileType = file.storyboard; path = ServiceSelectViewController.storyboard; sourceTree = "<group>"; };
		88E86DA21DB8E800002A7024 /* ServiceSelectTableViewCell.swift */ = {isa = PBXFileReference; fileEncoding = 4; lastKnownFileType = sourcecode.swift; path = ServiceSelectTableViewCell.swift; sourceTree = "<group>"; };
		88E86DA31DB8E800002A7024 /* ServiceSelectTableViewCellModel.swift */ = {isa = PBXFileReference; fileEncoding = 4; lastKnownFileType = sourcecode.swift; path = ServiceSelectTableViewCellModel.swift; sourceTree = "<group>"; };
		88E86DA41DB8E800002A7024 /* ServiceSelectViewController.swift */ = {isa = PBXFileReference; fileEncoding = 4; lastKnownFileType = sourcecode.swift; path = ServiceSelectViewController.swift; sourceTree = "<group>"; };
		88E86DA51DB8E800002A7024 /* ServiceSelectViewModel.swift */ = {isa = PBXFileReference; fileEncoding = 4; lastKnownFileType = sourcecode.swift; path = ServiceSelectViewModel.swift; sourceTree = "<group>"; };
		88E86DAD1DB90B4B002A7024 /* EmptyOrderView.xib */ = {isa = PBXFileReference; fileEncoding = 4; lastKnownFileType = file.xib; path = EmptyOrderView.xib; sourceTree = "<group>"; };
		88E86DAF1DB90BD1002A7024 /* UIView+nibInstance.swift */ = {isa = PBXFileReference; fileEncoding = 4; lastKnownFileType = sourcecode.swift; path = "UIView+nibInstance.swift"; sourceTree = "<group>"; };
		88E86DB21DB916B3002A7024 /* OrderManager.swift */ = {isa = PBXFileReference; fileEncoding = 4; lastKnownFileType = sourcecode.swift; path = OrderManager.swift; sourceTree = "<group>"; };
		88E86DB41DB91BAE002A7024 /* OrderTableViewCell.swift */ = {isa = PBXFileReference; fileEncoding = 4; lastKnownFileType = sourcecode.swift; path = OrderTableViewCell.swift; sourceTree = "<group>"; };
		88E86DB61DB91BBA002A7024 /* OrderTableViewCellModel.swift */ = {isa = PBXFileReference; fileEncoding = 4; lastKnownFileType = sourcecode.swift; path = OrderTableViewCellModel.swift; sourceTree = "<group>"; };
		EA8A37CB3EB7F2EEDB9E26D5 /* Pods-Chisto.release.xcconfig */ = {isa = PBXFileReference; includeInIndex = 1; lastKnownFileType = text.xcconfig; name = "Pods-Chisto.release.xcconfig"; path = "Pods/Target Support Files/Pods-Chisto/Pods-Chisto.release.xcconfig"; sourceTree = "<group>"; };
/* End PBXFileReference section */

/* Begin PBXFrameworksBuildPhase section */
		88073ED21DABE1E0000696A3 /* Frameworks */ = {
			isa = PBXFrameworksBuildPhase;
			buildActionMask = 2147483647;
			files = (
				CC63F0EA174EB55F7C1DD247 /* Pods_Chisto.framework in Frameworks */,
			);
			runOnlyForDeploymentPostprocessing = 0;
		};
/* End PBXFrameworksBuildPhase section */

/* Begin PBXGroup section */
		50E1CA40DFC3C09A4A3A20A6 /* Pods */ = {
			isa = PBXGroup;
			children = (
				40CC6F844478737C97DE22A8 /* Pods-Chisto.debug.xcconfig */,
				EA8A37CB3EB7F2EEDB9E26D5 /* Pods-Chisto.release.xcconfig */,
			);
			name = Pods;
			sourceTree = "<group>";
		};
		88072D4C1DB967D400B47D23 /* ItemInfo */ = {
			isa = PBXGroup;
			children = (
				88072D531DB9696000B47D23 /* Views */,
				88072D4D1DB967EF00B47D23 /* ItemInfoViewController.storyboard */,
				88072D4F1DB9695200B47D23 /* ItemInfoViewController.swift */,
				88072D511DB9695E00B47D23 /* ItemInfoViewModel.swift */,
			);
			name = ItemInfo;
			sourceTree = "<group>";
		};
		88072D531DB9696000B47D23 /* Views */ = {
			isa = PBXGroup;
			children = (
				88072D541DB9697700B47D23 /* ItemInfoTableViewCellModel.swift */,
				88072D561DB9698600B47D23 /* ItemInfoTableViewCell.swift */,
			);
			name = Views;
			sourceTree = "<group>";
		};
		88073ECC1DABE1E0000696A3 = {
			isa = PBXGroup;
			children = (
				88073ED71DABE1E0000696A3 /* Chisto */,
				E86E04D5222457AEB97ED2EC /* Frameworks */,
				50E1CA40DFC3C09A4A3A20A6 /* Pods */,
				88073ED61DABE1E0000696A3 /* Products */,
				88073F001DAD6E6F000696A3 /* .swiftlint.yml */,
			);
			sourceTree = "<group>";
		};
		88073ED61DABE1E0000696A3 /* Products */ = {
			isa = PBXGroup;
			children = (
				88073ED51DABE1E0000696A3 /* Chisto.app */,
			);
			name = Products;
			sourceTree = "<group>";
		};
		88073ED71DABE1E0000696A3 /* Chisto */ = {
			isa = PBXGroup;
			children = (
				88073EF11DAC1B3E000696A3 /* Data */,
				8814C03A1DAEBCD7005B4967 /* RxUtils */,
				8814C0311DAD8112005B4967 /* Style */,
				88073EEC1DAC19E1000696A3 /* UI */,
				8814C0371DAE8F4B005B4967 /* Util */,
				88073ED81DABE1E0000696A3 /* AppDelegate.swift */,
				88073EDF1DABE1E0000696A3 /* Assets.xcassets */,
				88073EE41DABE1E0000696A3 /* Info.plist */,
				88073EE11DABE1E0000696A3 /* LaunchScreen.storyboard */,
			);
			path = Chisto;
			sourceTree = "<group>";
		};
		88073EEC1DAC19E1000696A3 /* UI */ = {
			isa = PBXGroup;
			children = (
				88E6B59A1DCB7EE70024FA1A /* Registration */,
				8862E6CC1DC8EC9700DDFB00 /* OrderConfirm */,
				885C19731DC379FA0081A4F3 /* LaundrySort */,
				8811FE161DC2E5C800610712 /* About */,
				8811FE111DC2DB1100610712 /* Profile */,
				889D87C51DC0A727003E8DAC /* LaundrySelect */,
				8833B5261DBE6E06004D44CE /* LastTimePopup */,
				8814C04E1DAF15DA005B4967 /* ChistoNavigationController.swift */,
				88072D4C1DB967D400B47D23 /* ItemInfo */,
				88E86DA01DB8E7D8002A7024 /* ServiceSelect */,
				882288121DB6D0FA000642E0 /* Root */,
				88D8ABB91DB56E09009D515B /* SelectClothes */,
				885409C11DB2C76B00219C00 /* CityNotFound */,
				8814C0501DAF2A58005B4967 /* Categories */,
				88073EF71DAC26EA000696A3 /* CitySelect */,
				8814C0541DAFA5A2005B4967 /* Common */,
				88073EF31DAC1CBE000696A3 /* Onboarding */,
				8814C0441DAF0E89005B4967 /* Order */,
			);
			path = UI;
			sourceTree = "<group>";
		};
		88073EF11DAC1B3E000696A3 /* Data */ = {
			isa = PBXGroup;
			children = (
				8862E6C91DC8E2BD00DDFB00 /* Model */,
				88E86DB11DB91695002A7024 /* OrderManager */,
			);
			path = Data;
			sourceTree = "<group>";
		};
		88073EF31DAC1CBE000696A3 /* Onboarding */ = {
			isa = PBXGroup;
			children = (
				88073EF61DAC26E2000696A3 /* Views */,
				88073EED1DAC1A23000696A3 /* OnBoardingViewController.swift */,
				88B0B54F1DB1825500C7D0F7 /* OnBoardingViewController.storyboard */,
				883760D01DB8D97500C9F506 /* OnBoardingNavigationController.swift */,
				883760D41DB8DB9F00C9F506 /* OnBoardingNavigationController.storyboard */,
			);
			path = Onboarding;
			sourceTree = "<group>";
		};
		88073EF61DAC26E2000696A3 /* Views */ = {
			isa = PBXGroup;
			children = (
				88073F021DAD6FCF000696A3 /* DescriptionListItemView.swift */,
				88B0B5511DB19C6E00C7D0F7 /* DescriptionListItemView.xib */,
			);
			path = Views;
			sourceTree = "<group>";
		};
		88073EF71DAC26EA000696A3 /* CitySelect */ = {
			isa = PBXGroup;
			children = (
				88073EFB1DAC4661000696A3 /* CitySelectViewController.swift */,
				88073EFD1DAC4950000696A3 /* CitySelectViewModel.swift */,
				885409B51DB23DEB00219C00 /* CitySelectViewController.storyboard */,
			);
			path = CitySelect;
			sourceTree = "<group>";
		};
		8811FE111DC2DB1100610712 /* Profile */ = {
			isa = PBXGroup;
			children = (
				8811FE0B1DC2DB0500610712 /* ProfileViewController.storyboard */,
				8811FE0C1DC2DB0500610712 /* ProfileNavigationController.swift */,
				8811FE0D1DC2DB0500610712 /* ProfileNavigationController.storyboard */,
				8811FE121DC2DBBE00610712 /* ProfileViewController.swift */,
				8811FE141DC2DCA600610712 /* ProfileViewModel.swift */,
			);
			name = Profile;
			sourceTree = "<group>";
		};
		8811FE161DC2E5C800610712 /* About */ = {
			isa = PBXGroup;
			children = (
				8811FE171DC2E5DB00610712 /* AboutViewController.storyboard */,
				8811FE191DC2EF4A00610712 /* AboutViewController.swift */,
			);
			name = About;
			sourceTree = "<group>";
		};
		8814C0311DAD8112005B4967 /* Style */ = {
			isa = PBXGroup;
			children = (
				8814C0321DAD8123005B4967 /* Colors.swift */,
				8814C0641DB03CBC005B4967 /* Fonts.swift */,
			);
			path = Style;
			sourceTree = "<group>";
		};
		8814C0371DAE8F4B005B4967 /* Util */ = {
			isa = PBXGroup;
			children = (
				8814C0381DAE8F7F005B4967 /* LocationManager.swift */,
				8814C0661DB04AFA005B4967 /* RussianEnumEndings.swift */,
			);
			path = Util;
			sourceTree = "<group>";
		};
		8814C03A1DAEBCD7005B4967 /* RxUtils */ = {
			isa = PBXGroup;
			children = (
				8814C03B1DAEBCF1005B4967 /* CLLocationManager+Rx.swift .swift */,
				8814C03D1DAEBD2A005B4967 /* RxCLLocationManagerDelegateProxy.swift */,
			);
			path = RxUtils;
			sourceTree = "<group>";
		};
		8814C0441DAF0E89005B4967 /* Order */ = {
			isa = PBXGroup;
			children = (
				8814C0461DAF0E99005B4967 /* Views */,
				8814C0491DAF12FE005B4967 /* OrderViewController.swift */,
				8814C04C1DAF159E005B4967 /* OrderViewModel.swift */,
				885409BF1DB2C76500219C00 /* OrderViewController.storyboard */,
			);
			path = Order;
			sourceTree = "<group>";
		};
		8814C0461DAF0E99005B4967 /* Views */ = {
			isa = PBXGroup;
			children = (
				885409C21DB2E43300219C00 /* EmptyOrderView.swift */,
				88E86DAD1DB90B4B002A7024 /* EmptyOrderView.xib */,
				88E86DB41DB91BAE002A7024 /* OrderTableViewCell.swift */,
				88E86DB61DB91BBA002A7024 /* OrderTableViewCellModel.swift */,
			);
			path = Views;
			sourceTree = "<group>";
		};
		8814C0501DAF2A58005B4967 /* Categories */ = {
			isa = PBXGroup;
			children = (
				8814C0591DAFC96D005B4967 /* CategoriesViewController.swift */,
				885409C41DB2E55400219C00 /* CategoriesViewController.storyboard */,
				8814C0601DAFEE7C005B4967 /* CategoriesViewModel.swift */,
				8814C05B1DAFCED7005B4967 /* Views */,
			);
			path = Categories;
			sourceTree = "<group>";
		};
		8814C0541DAFA5A2005B4967 /* Common */ = {
			isa = PBXGroup;
			children = (
				8833B52C1DBE86EF004D44CE /* LaundryItemInfo */,
				8814C0551DAFA7B5005B4967 /* BottomBorderedTextField.swift */,
				8814C06A1DB059F4005B4967 /* KeyboardHideOutside.swift */,
				88B0B54D1DB1026400C7D0F7 /* SetSearchBarTextColor.swift */,
				885409B91DB25B5100219C00 /* GoButton.swift */,
				885409C61DB2EC5D00219C00 /* UIView+IBInspectable.swift */,
				883760D21DB8DA1400C9F506 /* UIViewController+StoryboardInstance.swift */,
				88E86DAF1DB90BD1002A7024 /* UIView+nibInstance.swift */,
				889D87CA1DC0B45C003E8DAC /* RotatingUILabel.swift */,
				88E6B5981DCB73600024FA1A /* UIView+AddBorders.swift */,
			);
			path = Common;
			sourceTree = "<group>";
		};
		8814C05B1DAFCED7005B4967 /* Views */ = {
			isa = PBXGroup;
			children = (
				8814C05C1DAFCF28005B4967 /* CategoryTableViewCell.swift */,
				8814C0621DB03AD7005B4967 /* CategoryTableViewCellModel.swift */,
			);
			path = Views;
			sourceTree = "<group>";
		};
		882288121DB6D0FA000642E0 /* Root */ = {
			isa = PBXGroup;
			children = (
				882288131DB6D11C000642E0 /* RootViewController.storyboard */,
				882288151DB6D12C000642E0 /* RootViewController.swift */,
			);
			name = Root;
			sourceTree = "<group>";
		};
		8833B5261DBE6E06004D44CE /* LastTimePopup */ = {
			isa = PBXGroup;
			children = (
				8833B5271DBE6E2B004D44CE /* LastTimePopupViewController.swift */,
				8833B5291DBE6E38004D44CE /* LastTimePopupViewController.storyboard */,
				8833B5351DBF8241004D44CE /* LastTimePopupViewModel.swift */,
			);
			name = LastTimePopup;
			sourceTree = "<group>";
		};
		8833B52C1DBE86EF004D44CE /* LaundryItemInfo */ = {
			isa = PBXGroup;
			children = (
				8833B52F1DBE8756004D44CE /* LaundryItemInfoView.xib */,
				8833B5311DBE8774004D44CE /* LaundryItemInfoView.swift */,
				8833B5331DBF7F75004D44CE /* LaundryItemInfoViewModel.swift */,
			);
			name = LaundryItemInfo;
			sourceTree = "<group>";
		};
		88373C961DC9E53E00DE4D13 /* Views */ = {
			isa = PBXGroup;
			children = (
				88373C971DC9ECAF00DE4D13 /* OrderConfirmServiceItemView.xib */,
				8869D1221DCA4D9800EA7425 /* OrderConfirmServiceItemView.swift */,
				889A84141DCA55E800E3926D /* OrderConfirmServiceTableViewCell.swift */,
				889A841A1DCA82B800E3926D /* OrderConfirmServiceTableViewCellModel.swift */,
			);
			name = Views;
			sourceTree = "<group>";
		};
		885409C11DB2C76B00219C00 /* CityNotFound */ = {
			isa = PBXGroup;
			children = (
				8814C03F1DAED9AC005B4967 /* CityNotFoundViewController.swift */,
				885409B71DB2582200219C00 /* CityNotFoundViewController.storyboard */,
				8814C0571DAFB0F1005B4967 /* CityNotFoundViewModel.swift */,
			);
			name = CityNotFound;
			path = Categories;
			sourceTree = "<group>";
		};
		885C19731DC379FA0081A4F3 /* LaundrySort */ = {
			isa = PBXGroup;
			children = (
				885C196C1DC379E40081A4F3 /* LaundrySortViewController.storyboard */,
				885C196D1DC379E40081A4F3 /* LaundrySortViewModel.swift */,
				885C196E1DC379E40081A4F3 /* LaundrySortViewController.swift */,
			);
			name = LaundrySort;
			sourceTree = "<group>";
		};
		8862E6C91DC8E2BD00DDFB00 /* Model */ = {
			isa = PBXGroup;
			children = (
				8862E6CA1DC8E2C800DDFB00 /* OrderItem.swift */,
			);
			name = Model;
			sourceTree = "<group>";
		};
		8862E6CC1DC8EC9700DDFB00 /* OrderConfirm */ = {
			isa = PBXGroup;
			children = (
				88373C961DC9E53E00DE4D13 /* Views */,
				8862E6CD1DC8ECAC00DDFB00 /* OrderConfirmViewController.swift */,
				889A84161DCA56CB00E3926D /* OrderConfirmViewModel.swift */,
				8862E6CF1DC8ECBD00DDFB00 /* OrderConfirmViewController.storyboard */,
			);
			name = OrderConfirm;
			sourceTree = "<group>";
		};
		889D87C51DC0A727003E8DAC /* LaundrySelect */ = {
			isa = PBXGroup;
			children = (
				889D87CC1DC0B8E3003E8DAC /* Views */,
				889D87C61DC0A752003E8DAC /* LaundrySelectViewController.swift */,
				889D87C81DC0A760003E8DAC /* LaundrySelectViewController.storyboard */,
				889D87D11DC1F71E003E8DAC /* LaundrySelectViewModel.swift */,
			);
			name = LaundrySelect;
			sourceTree = "<group>";
		};
		889D87CC1DC0B8E3003E8DAC /* Views */ = {
			isa = PBXGroup;
			children = (
				889D87CD1DC0BA2F003E8DAC /* LaundrySelectTableViewCell.swift */,
				889D87CF1DC1F3DE003E8DAC /* LaundrySelectTableViewCellModel.swift */,
			);
			name = Views;
			sourceTree = "<group>";
		};
		88D8ABB91DB56E09009D515B /* SelectClothes */ = {
			isa = PBXGroup;
			children = (
				88D8ABC01DB58794009D515B /* Views */,
				88D8ABBA1DB56E53009D515B /* SelectClothesViewController.swift */,
				88D8ABBC1DB56E89009D515B /* SelectClothesViewModel.swift */,
				88D8ABBE1DB56EB8009D515B /* SelectClothesViewController.storyboard */,
			);
			name = SelectClothes;
			sourceTree = "<group>";
		};
		88D8ABC01DB58794009D515B /* Views */ = {
			isa = PBXGroup;
			children = (
				88D8ABC11DB587CF009D515B /* SelectClothesTableViewCell.swift */,
				88D8ABC31DB587EC009D515B /* SelectClothesTableViewCellModel.swift */,
			);
			name = Views;
			sourceTree = "<group>";
		};
		88E6B59A1DCB7EE70024FA1A /* Registration */ = {
			isa = PBXGroup;
			children = (
				88E6B59B1DCB7F1C0024FA1A /* PhoneInput */,
			);
			name = Registration;
			sourceTree = "<group>";
		};
		88E6B59B1DCB7F1C0024FA1A /* PhoneInput */ = {
			isa = PBXGroup;
			children = (
				88E6B59C1DCB7F710024FA1A /* RegistrationPhoneInputViewController.storyboard */,
				88E6B59E1DCB847F0024FA1A /* RegistrationPhoneInputViewController.swift */,
			);
			name = PhoneInput;
			sourceTree = "<group>";
		};
		88E86DA01DB8E7D8002A7024 /* ServiceSelect */ = {
			isa = PBXGroup;
			children = (
				88E86DAB1DB8E803002A7024 /* Views */,
				88E86DA11DB8E800002A7024 /* ServiceSelectViewController.storyboard */,
				88E86DA41DB8E800002A7024 /* ServiceSelectViewController.swift */,
				88E86DA51DB8E800002A7024 /* ServiceSelectViewModel.swift */,
			);
			name = ServiceSelect;
			sourceTree = "<group>";
		};
		88E86DAB1DB8E803002A7024 /* Views */ = {
			isa = PBXGroup;
			children = (
				88E86DA21DB8E800002A7024 /* ServiceSelectTableViewCell.swift */,
				88E86DA31DB8E800002A7024 /* ServiceSelectTableViewCellModel.swift */,
			);
			name = Views;
			sourceTree = "<group>";
		};
		88E86DB11DB91695002A7024 /* OrderManager */ = {
			isa = PBXGroup;
			children = (
				88E86DB21DB916B3002A7024 /* OrderManager.swift */,
			);
			name = OrderManager;
			sourceTree = "<group>";
		};
		E86E04D5222457AEB97ED2EC /* Frameworks */ = {
			isa = PBXGroup;
			children = (
				88D4403E4AD2DF4A42F5C8FA /* Pods_Chisto.framework */,
			);
			name = Frameworks;
			sourceTree = "<group>";
		};
/* End PBXGroup section */

/* Begin PBXNativeTarget section */
		88073ED41DABE1E0000696A3 /* Chisto */ = {
			isa = PBXNativeTarget;
			buildConfigurationList = 88073EE71DABE1E0000696A3 /* Build configuration list for PBXNativeTarget "Chisto" */;
			buildPhases = (
				EEC439545D6E37308205820E /* [CP] Check Pods Manifest.lock */,
				88073ED11DABE1E0000696A3 /* Sources */,
				88073ED21DABE1E0000696A3 /* Frameworks */,
				88073ED31DABE1E0000696A3 /* Resources */,
				43A3FC4290CC8023EBE51D76 /* [CP] Embed Pods Frameworks */,
				50E15D77F4E0AE5A2171C7AB /* [CP] Copy Pods Resources */,
				88073EFF1DAD6DDE000696A3 /* ShellScript */,
			);
			buildRules = (
			);
			dependencies = (
			);
			name = Chisto;
			productName = Chisto;
			productReference = 88073ED51DABE1E0000696A3 /* Chisto.app */;
			productType = "com.apple.product-type.application";
		};
/* End PBXNativeTarget section */

/* Begin PBXProject section */
		88073ECD1DABE1E0000696A3 /* Project object */ = {
			isa = PBXProject;
			attributes = {
				LastSwiftUpdateCheck = 0800;
				LastUpgradeCheck = 0800;
				ORGANIZATIONNAME = "Binary Blitz";
				TargetAttributes = {
					88073ED41DABE1E0000696A3 = {
						CreatedOnToolsVersion = 8.0;
						DevelopmentTeam = 4WGG8V34K4;
						ProvisioningStyle = Automatic;
					};
				};
			};
			buildConfigurationList = 88073ED01DABE1E0000696A3 /* Build configuration list for PBXProject "Chisto" */;
			compatibilityVersion = "Xcode 3.2";
			developmentRegion = English;
			hasScannedForEncodings = 0;
			knownRegions = (
				Base,
			);
			mainGroup = 88073ECC1DABE1E0000696A3;
			productRefGroup = 88073ED61DABE1E0000696A3 /* Products */;
			projectDirPath = "";
			projectRoot = "";
			targets = (
				88073ED41DABE1E0000696A3 /* Chisto */,
			);
		};
/* End PBXProject section */

/* Begin PBXResourcesBuildPhase section */
		88073ED31DABE1E0000696A3 /* Resources */ = {
			isa = PBXResourcesBuildPhase;
			buildActionMask = 2147483647;
			files = (
				885409C51DB2E55400219C00 /* CategoriesViewController.storyboard in Resources */,
				885409B61DB23DEC00219C00 /* CitySelectViewController.storyboard in Resources */,
				88073F011DAD6E6F000696A3 /* .swiftlint.yml in Resources */,
				885C196F1DC379E40081A4F3 /* LaundrySortViewController.storyboard in Resources */,
				8811FE181DC2E5DB00610712 /* AboutViewController.storyboard in Resources */,
				88373C981DC9ECAF00DE4D13 /* OrderConfirmServiceItemView.xib in Resources */,
				883760D51DB8DB9F00C9F506 /* OnBoardingNavigationController.storyboard in Resources */,
				8862E6D01DC8ECBD00DDFB00 /* OrderConfirmViewController.storyboard in Resources */,
				88B0B5521DB19C6E00C7D0F7 /* DescriptionListItemView.xib in Resources */,
				889D87C91DC0A760003E8DAC /* LaundrySelectViewController.storyboard in Resources */,
				8811FE101DC2DB0500610712 /* ProfileNavigationController.storyboard in Resources */,
				88E6B59D1DCB7F710024FA1A /* RegistrationPhoneInputViewController.storyboard in Resources */,
				88072D4E1DB967EF00B47D23 /* ItemInfoViewController.storyboard in Resources */,
				8833B52A1DBE6E38004D44CE /* LastTimePopupViewController.storyboard in Resources */,
				88B0B5501DB1825500C7D0F7 /* OnBoardingViewController.storyboard in Resources */,
				8811FE0E1DC2DB0500610712 /* ProfileViewController.storyboard in Resources */,
				8833B5301DBE8756004D44CE /* LaundryItemInfoView.xib in Resources */,
				885409C01DB2C76500219C00 /* OrderViewController.storyboard in Resources */,
				88E86DA61DB8E800002A7024 /* ServiceSelectViewController.storyboard in Resources */,
				88D8ABBF1DB56EB8009D515B /* SelectClothesViewController.storyboard in Resources */,
				88E86DAE1DB90B4B002A7024 /* EmptyOrderView.xib in Resources */,
				885409B81DB2582200219C00 /* CityNotFoundViewController.storyboard in Resources */,
				88073EE31DABE1E0000696A3 /* LaunchScreen.storyboard in Resources */,
				88073EE01DABE1E0000696A3 /* Assets.xcassets in Resources */,
				882288141DB6D11C000642E0 /* RootViewController.storyboard in Resources */,
			);
			runOnlyForDeploymentPostprocessing = 0;
		};
/* End PBXResourcesBuildPhase section */

/* Begin PBXShellScriptBuildPhase section */
		43A3FC4290CC8023EBE51D76 /* [CP] Embed Pods Frameworks */ = {
			isa = PBXShellScriptBuildPhase;
			buildActionMask = 2147483647;
			files = (
			);
			inputPaths = (
			);
			name = "[CP] Embed Pods Frameworks";
			outputPaths = (
			);
			runOnlyForDeploymentPostprocessing = 0;
			shellPath = /bin/sh;
			shellScript = "\"${SRCROOT}/Pods/Target Support Files/Pods-Chisto/Pods-Chisto-frameworks.sh\"\n";
			showEnvVarsInLog = 0;
		};
		50E15D77F4E0AE5A2171C7AB /* [CP] Copy Pods Resources */ = {
			isa = PBXShellScriptBuildPhase;
			buildActionMask = 2147483647;
			files = (
			);
			inputPaths = (
			);
			name = "[CP] Copy Pods Resources";
			outputPaths = (
			);
			runOnlyForDeploymentPostprocessing = 0;
			shellPath = /bin/sh;
			shellScript = "\"${SRCROOT}/Pods/Target Support Files/Pods-Chisto/Pods-Chisto-resources.sh\"\n";
			showEnvVarsInLog = 0;
		};
		88073EFF1DAD6DDE000696A3 /* ShellScript */ = {
			isa = PBXShellScriptBuildPhase;
			buildActionMask = 2147483647;
			files = (
			);
			inputPaths = (
			);
			outputPaths = (
			);
			runOnlyForDeploymentPostprocessing = 0;
			shellPath = /bin/sh;
			shellScript = "${PODS_ROOT}/Fabric/run 886de8c1d524dbaa9dfdbd457b8c8469ecafdfd4 fe43661af277625de578631f794d9557e38adacd6b02682d23b328918ca7fbf6";
		};
		EEC439545D6E37308205820E /* [CP] Check Pods Manifest.lock */ = {
			isa = PBXShellScriptBuildPhase;
			buildActionMask = 2147483647;
			files = (
			);
			inputPaths = (
			);
			name = "[CP] Check Pods Manifest.lock";
			outputPaths = (
			);
			runOnlyForDeploymentPostprocessing = 0;
			shellPath = /bin/sh;
			shellScript = "diff \"${PODS_ROOT}/../Podfile.lock\" \"${PODS_ROOT}/Manifest.lock\" > /dev/null\nif [ $? != 0 ] ; then\n    # print error to STDERR\n    echo \"error: The sandbox is not in sync with the Podfile.lock. Run 'pod install' or update your CocoaPods installation.\" >&2\n    exit 1\nfi\n";
			showEnvVarsInLog = 0;
		};
/* End PBXShellScriptBuildPhase section */

/* Begin PBXSourcesBuildPhase section */
		88073ED11DABE1E0000696A3 /* Sources */ = {
			isa = PBXSourcesBuildPhase;
			buildActionMask = 2147483647;
			files = (
				88D8ABBB1DB56E53009D515B /* SelectClothesViewController.swift in Sources */,
				88E86DB01DB90BD1002A7024 /* UIView+nibInstance.swift in Sources */,
				88073EEF1DAC1A23000696A3 /* OnBoardingViewController.swift in Sources */,
				8833B5321DBE8774004D44CE /* LaundryItemInfoView.swift in Sources */,
				8814C0331DAD8123005B4967 /* Colors.swift in Sources */,
				88E86DAA1DB8E800002A7024 /* ServiceSelectViewModel.swift in Sources */,
				8814C0611DAFEE7C005B4967 /* CategoriesViewModel.swift in Sources */,
				885C19701DC379E40081A4F3 /* LaundrySortViewModel.swift in Sources */,
				88D8ABC41DB587EC009D515B /* SelectClothesTableViewCellModel.swift in Sources */,
				889D87C71DC0A752003E8DAC /* LaundrySelectViewController.swift in Sources */,
				889A84171DCA56CB00E3926D /* OrderConfirmViewModel.swift in Sources */,
				88072D571DB9698600B47D23 /* ItemInfoTableViewCell.swift in Sources */,
				8814C05A1DAFC96D005B4967 /* CategoriesViewController.swift in Sources */,
				889A841B1DCA82B800E3926D /* OrderConfirmServiceTableViewCellModel.swift in Sources */,
				88072D551DB9697700B47D23 /* ItemInfoTableViewCellModel.swift in Sources */,
				88073EFC1DAC4661000696A3 /* CitySelectViewController.swift in Sources */,
				8814C04F1DAF15DA005B4967 /* ChistoNavigationController.swift in Sources */,
				88B0B54E1DB1026400C7D0F7 /* SetSearchBarTextColor.swift in Sources */,
				8814C0651DB03CBC005B4967 /* Fonts.swift in Sources */,
				8814C04D1DAF159E005B4967 /* OrderViewModel.swift in Sources */,
				883760D31DB8DA1400C9F506 /* UIViewController+StoryboardInstance.swift in Sources */,
				8814C06B1DB059F4005B4967 /* KeyboardHideOutside.swift in Sources */,
				8811FE0F1DC2DB0500610712 /* ProfileNavigationController.swift in Sources */,
				8814C0401DAED9AC005B4967 /* CityNotFoundViewController.swift in Sources */,
				8814C0631DB03AD7005B4967 /* CategoryTableViewCellModel.swift in Sources */,
				88D8ABC21DB587CF009D515B /* SelectClothesTableViewCell.swift in Sources */,
				8862E6CE1DC8ECAC00DDFB00 /* OrderConfirmViewController.swift in Sources */,
				88E86DA71DB8E800002A7024 /* ServiceSelectTableViewCell.swift in Sources */,
				88073F031DAD6FCF000696A3 /* DescriptionListItemView.swift in Sources */,
				8814C0671DB04AFB005B4967 /* RussianEnumEndings.swift in Sources */,
				8811FE1A1DC2EF4A00610712 /* AboutViewController.swift in Sources */,
				88072D521DB9695E00B47D23 /* ItemInfoViewModel.swift in Sources */,
				889D87CE1DC0BA2F003E8DAC /* LaundrySelectTableViewCell.swift in Sources */,
				889A84151DCA55E800E3926D /* OrderConfirmServiceTableViewCell.swift in Sources */,
				8814C0581DAFB0F2005B4967 /* CityNotFoundViewModel.swift in Sources */,
				88DB32ED1DB4C86A00F9E000 /* OrderViewController.swift in Sources */,
				88073ED91DABE1E0000696A3 /* AppDelegate.swift in Sources */,
				882288161DB6D12C000642E0 /* RootViewController.swift in Sources */,
				889D87D01DC1F3DE003E8DAC /* LaundrySelectTableViewCellModel.swift in Sources */,
				8814C03E1DAEBD2A005B4967 /* RxCLLocationManagerDelegateProxy.swift in Sources */,
				88E86DB71DB91BBA002A7024 /* OrderTableViewCellModel.swift in Sources */,
				8869D1231DCA4D9800EA7425 /* OrderConfirmServiceItemView.swift in Sources */,
				88E86DB51DB91BAE002A7024 /* OrderTableViewCell.swift in Sources */,
				88E86DA91DB8E800002A7024 /* ServiceSelectViewController.swift in Sources */,
				883760D11DB8D97500C9F506 /* OnBoardingNavigationController.swift in Sources */,
				885C19711DC379E40081A4F3 /* LaundrySortViewController.swift in Sources */,
				8814C05E1DAFCF28005B4967 /* CategoryTableViewCell.swift in Sources */,
				8811FE151DC2DCA600610712 /* ProfileViewModel.swift in Sources */,
				8862E6CB1DC8E2C800DDFB00 /* OrderItem.swift in Sources */,
				889D87CB1DC0B45C003E8DAC /* RotatingUILabel.swift in Sources */,
				885409BA1DB25B5100219C00 /* GoButton.swift in Sources */,
				889D87D21DC1F71F003E8DAC /* LaundrySelectViewModel.swift in Sources */,
				8833B5281DBE6E2B004D44CE /* LastTimePopupViewController.swift in Sources */,
				88E6B59F1DCB847F0024FA1A /* RegistrationPhoneInputViewController.swift in Sources */,
				88073EFE1DAC4950000696A3 /* CitySelectViewModel.swift in Sources */,
				8814C0561DAFA7B5005B4967 /* BottomBorderedTextField.swift in Sources */,
				885409C31DB2E43300219C00 /* EmptyOrderView.swift in Sources */,
				8811FE131DC2DBBE00610712 /* ProfileViewController.swift in Sources */,
				8814C0391DAE8F7F005B4967 /* LocationManager.swift in Sources */,
				88D8ABBD1DB56E89009D515B /* SelectClothesViewModel.swift in Sources */,
				8833B5361DBF8241004D44CE /* LastTimePopupViewModel.swift in Sources */,
				88072D501DB9695300B47D23 /* ItemInfoViewController.swift in Sources */,
				88E6B5991DCB73610024FA1A /* UIView+AddBorders.swift in Sources */,
				88E86DA81DB8E800002A7024 /* ServiceSelectTableViewCellModel.swift in Sources */,
				8814C03C1DAEBCF1005B4967 /* CLLocationManager+Rx.swift .swift in Sources */,
				88E86DB31DB916B3002A7024 /* OrderManager.swift in Sources */,
				885409C71DB2EC5D00219C00 /* UIView+IBInspectable.swift in Sources */,
				8833B5341DBF7F75004D44CE /* LaundryItemInfoViewModel.swift in Sources */,
			);
			runOnlyForDeploymentPostprocessing = 0;
		};
/* End PBXSourcesBuildPhase section */

/* Begin PBXVariantGroup section */
		88073EE11DABE1E0000696A3 /* LaunchScreen.storyboard */ = {
			isa = PBXVariantGroup;
			children = (
				88073EE21DABE1E0000696A3 /* Base */,
				8833B5231DBCEC0B004D44CE /* ru */,
			);
			name = LaunchScreen.storyboard;
			path = .;
			sourceTree = "<group>";
		};
/* End PBXVariantGroup section */

/* Begin XCBuildConfiguration section */
		88073EE51DABE1E0000696A3 /* Debug */ = {
			isa = XCBuildConfiguration;
			buildSettings = {
				ALWAYS_SEARCH_USER_PATHS = NO;
				CLANG_ANALYZER_LOCALIZABILITY_NONLOCALIZED = YES;
				CLANG_ANALYZER_NONNULL = YES;
				CLANG_CXX_LANGUAGE_STANDARD = "gnu++0x";
				CLANG_CXX_LIBRARY = "libc++";
				CLANG_ENABLE_MODULES = YES;
				CLANG_ENABLE_OBJC_ARC = YES;
				CLANG_WARN_BOOL_CONVERSION = YES;
				CLANG_WARN_CONSTANT_CONVERSION = YES;
				CLANG_WARN_DIRECT_OBJC_ISA_USAGE = YES_ERROR;
				CLANG_WARN_DOCUMENTATION_COMMENTS = YES;
				CLANG_WARN_EMPTY_BODY = YES;
				CLANG_WARN_ENUM_CONVERSION = YES;
				CLANG_WARN_INFINITE_RECURSION = YES;
				CLANG_WARN_INT_CONVERSION = YES;
				CLANG_WARN_OBJC_ROOT_CLASS = YES_ERROR;
				CLANG_WARN_SUSPICIOUS_MOVE = YES;
				CLANG_WARN_SUSPICIOUS_MOVES = YES;
				CLANG_WARN_UNREACHABLE_CODE = YES;
				CLANG_WARN__DUPLICATE_METHOD_MATCH = YES;
				"CODE_SIGN_IDENTITY[sdk=iphoneos*]" = "iPhone Developer";
				COPY_PHASE_STRIP = NO;
				DEBUG_INFORMATION_FORMAT = dwarf;
				ENABLE_STRICT_OBJC_MSGSEND = YES;
				ENABLE_TESTABILITY = YES;
				GCC_C_LANGUAGE_STANDARD = gnu99;
				GCC_DYNAMIC_NO_PIC = NO;
				GCC_NO_COMMON_BLOCKS = YES;
				GCC_OPTIMIZATION_LEVEL = 0;
				GCC_PREPROCESSOR_DEFINITIONS = (
					"DEBUG=1",
					"$(inherited)",
				);
				GCC_WARN_64_TO_32_BIT_CONVERSION = YES;
				GCC_WARN_ABOUT_RETURN_TYPE = YES_ERROR;
				GCC_WARN_UNDECLARED_SELECTOR = YES;
				GCC_WARN_UNINITIALIZED_AUTOS = YES_AGGRESSIVE;
				GCC_WARN_UNUSED_FUNCTION = YES;
				GCC_WARN_UNUSED_VARIABLE = YES;
				IPHONEOS_DEPLOYMENT_TARGET = 10.0;
				MTL_ENABLE_DEBUG_INFO = YES;
				ONLY_ACTIVE_ARCH = YES;
				SDKROOT = iphoneos;
				SWIFT_ACTIVE_COMPILATION_CONDITIONS = DEBUG;
				SWIFT_OPTIMIZATION_LEVEL = "-Onone";
				TARGETED_DEVICE_FAMILY = "1,2";
			};
			name = Debug;
		};
		88073EE61DABE1E0000696A3 /* Release */ = {
			isa = XCBuildConfiguration;
			buildSettings = {
				ALWAYS_SEARCH_USER_PATHS = NO;
				CLANG_ANALYZER_LOCALIZABILITY_NONLOCALIZED = YES;
				CLANG_ANALYZER_NONNULL = YES;
				CLANG_CXX_LANGUAGE_STANDARD = "gnu++0x";
				CLANG_CXX_LIBRARY = "libc++";
				CLANG_ENABLE_MODULES = YES;
				CLANG_ENABLE_OBJC_ARC = YES;
				CLANG_WARN_BOOL_CONVERSION = YES;
				CLANG_WARN_CONSTANT_CONVERSION = YES;
				CLANG_WARN_DIRECT_OBJC_ISA_USAGE = YES_ERROR;
				CLANG_WARN_DOCUMENTATION_COMMENTS = YES;
				CLANG_WARN_EMPTY_BODY = YES;
				CLANG_WARN_ENUM_CONVERSION = YES;
				CLANG_WARN_INFINITE_RECURSION = YES;
				CLANG_WARN_INT_CONVERSION = YES;
				CLANG_WARN_OBJC_ROOT_CLASS = YES_ERROR;
				CLANG_WARN_SUSPICIOUS_MOVE = YES;
				CLANG_WARN_SUSPICIOUS_MOVES = YES;
				CLANG_WARN_UNREACHABLE_CODE = YES;
				CLANG_WARN__DUPLICATE_METHOD_MATCH = YES;
				"CODE_SIGN_IDENTITY[sdk=iphoneos*]" = "iPhone Developer";
				COPY_PHASE_STRIP = NO;
				DEBUG_INFORMATION_FORMAT = "dwarf-with-dsym";
				ENABLE_NS_ASSERTIONS = NO;
				ENABLE_STRICT_OBJC_MSGSEND = YES;
				GCC_C_LANGUAGE_STANDARD = gnu99;
				GCC_NO_COMMON_BLOCKS = YES;
				GCC_WARN_64_TO_32_BIT_CONVERSION = YES;
				GCC_WARN_ABOUT_RETURN_TYPE = YES_ERROR;
				GCC_WARN_UNDECLARED_SELECTOR = YES;
				GCC_WARN_UNINITIALIZED_AUTOS = YES_AGGRESSIVE;
				GCC_WARN_UNUSED_FUNCTION = YES;
				GCC_WARN_UNUSED_VARIABLE = YES;
				IPHONEOS_DEPLOYMENT_TARGET = 10.0;
				MTL_ENABLE_DEBUG_INFO = NO;
				SDKROOT = iphoneos;
				SWIFT_OPTIMIZATION_LEVEL = "-Owholemodule";
				TARGETED_DEVICE_FAMILY = "1,2";
				VALIDATE_PRODUCT = YES;
			};
			name = Release;
		};
		88073EE81DABE1E0000696A3 /* Debug */ = {
			isa = XCBuildConfiguration;
			baseConfigurationReference = 40CC6F844478737C97DE22A8 /* Pods-Chisto.debug.xcconfig */;
			buildSettings = {
				ASSETCATALOG_COMPILER_APPICON_NAME = AppIcon;
				CURRENT_PROJECT_VERSION = 10;
				DEBUG_INFORMATION_FORMAT = "dwarf-with-dsym";
				DEVELOPMENT_TEAM = 4WGG8V34K4;
				INFOPLIST_FILE = Chisto/Info.plist;
				IPHONEOS_DEPLOYMENT_TARGET = 9.3;
				LD_RUNPATH_SEARCH_PATHS = "$(inherited) @executable_path/Frameworks";
				PRODUCT_BUNDLE_IDENTIFIER = ru.binaryblitz.Chisto;
				PRODUCT_NAME = "$(TARGET_NAME)";
				SWIFT_VERSION = 3.0;
				VERSIONING_SYSTEM = "apple-generic";
			};
			name = Debug;
		};
		88073EE91DABE1E0000696A3 /* Release */ = {
			isa = XCBuildConfiguration;
			baseConfigurationReference = EA8A37CB3EB7F2EEDB9E26D5 /* Pods-Chisto.release.xcconfig */;
			buildSettings = {
				ASSETCATALOG_COMPILER_APPICON_NAME = AppIcon;
				CURRENT_PROJECT_VERSION = 10;
				DEVELOPMENT_TEAM = 4WGG8V34K4;
				INFOPLIST_FILE = Chisto/Info.plist;
				IPHONEOS_DEPLOYMENT_TARGET = 9.3;
				LD_RUNPATH_SEARCH_PATHS = "$(inherited) @executable_path/Frameworks";
				PRODUCT_BUNDLE_IDENTIFIER = ru.binaryblitz.Chisto;
				PRODUCT_NAME = "$(TARGET_NAME)";
				SWIFT_VERSION = 3.0;
				VERSIONING_SYSTEM = "apple-generic";
			};
			name = Release;
		};
/* End XCBuildConfiguration section */

/* Begin XCConfigurationList section */
		88073ED01DABE1E0000696A3 /* Build configuration list for PBXProject "Chisto" */ = {
			isa = XCConfigurationList;
			buildConfigurations = (
				88073EE51DABE1E0000696A3 /* Debug */,
				88073EE61DABE1E0000696A3 /* Release */,
			);
			defaultConfigurationIsVisible = 0;
			defaultConfigurationName = Release;
		};
		88073EE71DABE1E0000696A3 /* Build configuration list for PBXNativeTarget "Chisto" */ = {
			isa = XCConfigurationList;
			buildConfigurations = (
				88073EE81DABE1E0000696A3 /* Debug */,
				88073EE91DABE1E0000696A3 /* Release */,
			);
			defaultConfigurationIsVisible = 0;
			defaultConfigurationName = Release;
		};
/* End XCConfigurationList section */
	};
	rootObject = 88073ECD1DABE1E0000696A3 /* Project object */;
}
